{
  "name": "highpoly",
  "version": "1.0.0",
  "lockfileVersion": 1,
  "requires": true,
  "dependencies": {
    "clone": {
      "version": "1.0.4",
      "resolved": "https://registry.npmjs.org/clone/-/clone-1.0.4.tgz",
      "integrity": "sha1-2jCcwmPfFZlMaIypAheco8fNfH4="
    },
    "debug": {
      "version": "2.6.9",
      "resolved": "https://registry.npmjs.org/debug/-/debug-2.6.9.tgz",
      "integrity": "sha512-bC7ElrdJaJnPbAP+1EotYvqZsb3ecl5wi6Bfi6BJTUcNowp6cvspg0jXznRTKDjm/E7AdgFBVeAPVMNcKGsHMA==",
      "requires": {
        "ms": "2.0.0"
      }
    },
    "float-hsl2rgb": {
      "version": "1.0.2",
      "resolved": "https://registry.npmjs.org/float-hsl2rgb/-/float-hsl2rgb-1.0.2.tgz",
      "integrity": "sha1-7PNQnECsZWfJaiBGIrDExL9DyKE="
    },
    "float-rgb2hsl": {
      "version": "1.0.1",
      "resolved": "https://registry.npmjs.org/float-rgb2hsl/-/float-rgb2hsl-1.0.1.tgz",
      "integrity": "sha1-jv6qD8cm5TNjp5vz9jYIIFXBDA4="
    },
    "geom-edges": {
      "version": "1.2.0",
      "resolved": "https://registry.npmjs.org/geom-edges/-/geom-edges-1.2.0.tgz",
      "integrity": "sha1-Izw29lTx5EDUJJaSS9SU4u6zt2s=",
      "requires": {
        "clone": "^1.0.2"
      }
    },
    "geom-normals": {
      "version": "1.0.1",
      "resolved": "https://registry.npmjs.org/geom-normals/-/geom-normals-1.0.1.tgz",
      "integrity": "sha512-pwJreNg4LQzIt4Z2KmWJyNc3ZvHL6QrTojMLZhDfgVVKym+GLO2gAdajNjqWO5IaYzhYpMgS9ZYQeNEGlRMwZQ==",
      "requires": {
        "pex-math": "^3.0.0-0"
      }
    },
    "gl-mat4": {
      "version": "1.2.0",
      "resolved": "https://registry.npmjs.org/gl-mat4/-/gl-mat4-1.2.0.tgz",
      "integrity": "sha512-sT5C0pwB1/e9G9AvAoLsoaJtbMGjfd/jfxo8jMCKqYYEnjZuFvqV5rehqar0538EmssjdDeiEWnKyBSTw7quoA=="
    },
    "gl-vec2": {
      "version": "1.3.0",
      "resolved": "https://registry.npmjs.org/gl-vec2/-/gl-vec2-1.3.0.tgz",
      "integrity": "sha512-YiqaAuNsheWmUV0Sa8k94kBB0D6RWjwZztyO+trEYS8KzJ6OQB/4686gdrf59wld4hHFIvaxynO3nRxpk1Ij/A=="
    },
    "gl-vec3": {
      "version": "1.1.3",
      "resolved": "https://registry.npmjs.org/gl-vec3/-/gl-vec3-1.1.3.tgz",
      "integrity": "sha512-jduKUqT0SGH02l8Yl+mV1yVsDfYgQAJyXGxkJQGyxPLHRiW25DwVIRPt6uvhrEMHftJfqhqKthRcyZqNEl9Xdw=="
    },
    "icosphere": {
      "version": "1.0.0",
      "resolved": "https://registry.npmjs.org/icosphere/-/icosphere-1.0.0.tgz",
      "integrity": "sha1-glFVXUN9ueq8aI+IEktoow+oRxA=",
      "requires": {
        "vectors": "^0.1.0"
      }
    },
    "is-browser": {
      "version": "2.1.0",
      "resolved": "https://registry.npmjs.org/is-browser/-/is-browser-2.1.0.tgz",
      "integrity": "sha512-F5rTJxDQ2sW81fcfOR1GnCXT6sVJC104fCyfj+mjpwNEwaPYSn5fte5jiHmBg3DHsIoL/l8Kvw5VN5SsTRcRFQ=="
    },
    "is-plask": {
      "version": "1.1.1",
      "resolved": "https://registry.npmjs.org/is-plask/-/is-plask-1.1.1.tgz",
      "integrity": "sha1-3mOSZXYfKK939JtBI4tnp/R8sgg=",
      "requires": {
        "plask-wrap": "^1.0.1"
      }
    },
    "keyboardevent-key-polyfill": {
      "version": "1.1.0",
      "resolved": "https://registry.npmjs.org/keyboardevent-key-polyfill/-/keyboardevent-key-polyfill-1.1.0.tgz",
      "integrity": "sha1-ijGdjkWhMXL8pWKGNy+QwdTHAUw="
    },
    "ms": {
      "version": "2.0.0",
      "resolved": "https://registry.npmjs.org/ms/-/ms-2.0.0.tgz",
      "integrity": "sha1-VgiurfwAvmwpAd9fmGF4jeDVl8g="
    },
    "omgcanvas": {
      "version": "1.0.2",
      "resolved": "https://registry.npmjs.org/omgcanvas/-/omgcanvas-1.0.2.tgz",
      "integrity": "sha1-toULf0TdbaCKbhjj+0ANWl9Q3Kk="
    },
    "performance-now": {
      "version": "2.1.0",
      "resolved": "https://registry.npmjs.org/performance-now/-/performance-now-2.1.0.tgz",
      "integrity": "sha1-Ywn04OX6kT7BxpMHrjZLSzd8nns="
    },
    "pex-context": {
      "version": "2.8.0",
      "resolved": "https://registry.npmjs.org/pex-context/-/pex-context-2.8.0.tgz",
      "integrity": "sha512-9KO1WrXMW699QjwXXjz9qH+sFEtiKnCNta72rWYVBjdjIqr4SxzbfVgHmqciyhHDDtvH2SJUojNWz4SAIk1BLg==",
      "requires": {
        "debug": "^2.6.9",
        "is-browser": "^2.0.1",
        "pex-gl": "^2.7.0",
        "raf": "^3.3.0"
      }
    },
    "pex-geom": {
      "version": "1.0.0",
      "resolved": "https://registry.npmjs.org/pex-geom/-/pex-geom-1.0.0.tgz",
      "integrity": "sha1-XxhRYSH5TZXAYryyQEorPb3SMLw="
    },
    "pex-gl": {
      "version": "2.7.0",
      "resolved": "https://registry.npmjs.org/pex-gl/-/pex-gl-2.7.0.tgz",
      "integrity": "sha512-oqOhB4IYk6KWwtmuTsJymyE/4vEGdAaAi5E/hmWyymYKlxHDaQFVIF9IzLNv7kkE1XKmxk1FX1U4tnKGmsDWXA==",
      "requires": {
        "is-plask": "^1.1.1"
      }
    },
    "pex-gui": {
      "version": "2.3.0",
      "resolved": "https://registry.npmjs.org/pex-gui/-/pex-gui-2.3.0.tgz",
      "integrity": "sha512-/ylL2sN3RbQoBvm7/tlBKeKsAHuIiJpjRVAfJ8vTEwwZ7KqM6ksME2cleJnkqLsDPSFkflBi8vWGGxIFkzMZ0w==",
      "requires": {
        "float-hsl2rgb": "^1.0.2",
        "float-rgb2hsl": "^1.0.1",
        "is-plask": "^1.1.1",
        "keyboardevent-key-polyfill": "^1.0.2",
        "pex-geom": "^1.0.0-beta.2",
        "pex-sys": "^1.5.1",
        "rgb-hex": "^1.0.0"
      }
    },
    "pex-math": {
      "version": "3.0.0-0",
      "resolved": "https://registry.npmjs.org/pex-math/-/pex-math-3.0.0-0.tgz",
      "integrity": "sha512-lZOQ8FbhIId5bC6sjYTmsmEMSbEJXv1C4+DArhwm3qP8V21KTy49F+DzvFfGWi+ZY+CWmW1I0SzkMcHNi4Vj4g=="
    },
    "pex-random": {
      "version": "1.0.1",
      "resolved": "https://registry.npmjs.org/pex-random/-/pex-random-1.0.1.tgz",
      "integrity": "sha1-Cwp9kOLgV9V3d+2ROjm3IlUxm+U=",
      "requires": {
        "seedrandom": "^2.3.10",
        "simplex-noise": "2.1.1"
      }
    },
    "pex-sys": {
      "version": "1.7.0",
      "resolved": "https://registry.npmjs.org/pex-sys/-/pex-sys-1.7.0.tgz",
      "integrity": "sha1-Rj7vusC6kjvbD+s4vW8ytxV8ezE=",
      "requires": {
        "is-plask": "^1.1.0",
        "omgcanvas": "^1.0.2",
        "performance-now": "^0.2.0",
        "plask-wrap": "^1.0.0",
        "raf": "^3.0.0",
        "webgl-debug": "^1.0.2"
      },
      "dependencies": {
        "performance-now": {
          "version": "0.2.0",
          "resolved": "https://registry.npmjs.org/performance-now/-/performance-now-0.2.0.tgz",
          "integrity": "sha1-M+8wxcd9TqIcWlOGnZG1bY8lVeU="
        }
      }
    },
    "plask-wrap": {
      "version": "1.0.1",
      "resolved": "https://registry.npmjs.org/plask-wrap/-/plask-wrap-1.0.1.tgz",
      "integrity": "sha1-xfXBtdh0wcfZtxf3chJvJauzHd8="
    },
    "primitive-cube": {
      "version": "2.0.1",
      "resolved": "https://registry.npmjs.org/primitive-cube/-/primitive-cube-2.0.1.tgz",
      "integrity": "sha1-iqW8PL/y7+6DzOdM/KuKybW0awY="
    },
    "primitive-icosphere": {
      "version": "1.0.2",
      "resolved": "https://registry.npmjs.org/primitive-icosphere/-/primitive-icosphere-1.0.2.tgz",
      "integrity": "sha1-YRdqCl/FvtayvzvYVm2yRkK6Q/4=",
      "requires": {
        "gl-vec2": "^1.0.0",
        "gl-vec3": "^1.0.3",
        "icosphere": "^1.0.0"
      }
    },
    "primitive-sphere": {
      "version": "3.0.0",
      "resolved": "https://registry.npmjs.org/primitive-sphere/-/primitive-sphere-3.0.0.tgz",
      "integrity": "sha1-dgm9pfb2ySUiE++jEnBg7mXm9zI=",
      "requires": {
        "gl-mat4": "^1.1.4",
        "gl-vec3": "^1.0.3"
      }
    },
    "raf": {
      "version": "3.4.1",
      "resolved": "https://registry.npmjs.org/raf/-/raf-3.4.1.tgz",
      "integrity": "sha512-Sq4CW4QhwOHE8ucn6J34MqtZCeWFP2aQSmrlroYgqAV1PjStIhJXxYuTgUIfkEk7zTLjmIjLmU5q+fbD1NnOJA==",
      "requires": {
        "performance-now": "^2.1.0"
      }
    },
    "rgb-hex": {
      "version": "1.0.0",
      "resolved": "https://registry.npmjs.org/rgb-hex/-/rgb-hex-1.0.0.tgz",
      "integrity": "sha1-v6+M2c2RZLWibXHrTxWgllMks8E="
    },
    "seedrandom": {
      "version": "2.4.4",
      "resolved": "https://registry.npmjs.org/seedrandom/-/seedrandom-2.4.4.tgz",
      "integrity": "sha512-9A+PDmgm+2du77B5i0Ip2cxOqqHjgNxnBgglxLcX78A2D6c2rTo61z4jnVABpF4cKeDMDG+cmXXvdnqse2VqMA=="
    },
    "simplex-noise": {
      "version": "2.1.1",
      "resolved": "https://registry.npmjs.org/simplex-noise/-/simplex-noise-2.1.1.tgz",
      "integrity": "sha1-kuZ4XxaptanxMdHplsM3q/X0KF0="
    },
    "vectors": {
      "version": "0.1.0",
      "resolved": "https://registry.npmjs.org/vectors/-/vectors-0.1.0.tgz",
      "integrity": "sha1-UD+7m4BEZBJqiOqKx5mSUXmOqFQ="
    },
    "webgl-debug": {
      "version": "1.0.2",
      "resolved": "https://registry.npmjs.org/webgl-debug/-/webgl-debug-1.0.2.tgz",
      "integrity": "sha1-k7rFrtGBNDoTatNPJJkg07nMxpo="
    }
  }
}
