{
  "name": "pex-renderer",
  "version": "4.0.0-alpha.39",
  "lockfileVersion": 3,
  "requires": true,
  "packages": {
    "": {
      "name": "pex-renderer",
      "version": "4.0.0-alpha.39",
      "license": "MIT",
      "dependencies": {
        "geom-builder": "^2.1.0",
        "hammersley": "^1.0.0",
        "pex-cam": "^3.0.0-alpha.1",
        "pex-geom": "^3.0.0-alpha.2",
        "pex-io": "^3.0.0-alpha.0",
        "pex-loaders": "^0.0.1",
        "pex-math": "^4.0.0-alpha.3",
        "pex-random": "^2.0.0-alpha.0",
        "pex-shaders": "^0.1.3",
        "primitive-quad": "^2.0.0",
        "signals": "^1.0.0"
      },
      "devDependencies": {
        "angle-normals": "^1.0.0",
        "cosine-gradient": "^0.3.0",
        "es-module-shims": "^1.6.3",
        "fit-rect": "^1.0.3",
        "geom-center-and-normalize": "^2.0.0",
        "geom-edges": "^1.2.0",
        "geom-normals": "^2.0.0",
        "geom-parse-obj": "^2.0.0",
        "grid-cells": "^2.0.0",
        "parse-hdr": "^1.0.0",
        "pex-color": "^2.0.0-alpha.2",
        "pex-context": "^3.0.0-alpha.6",
        "pex-gui": "^3.0.0-alpha.3",
        "primitive-geometry": "^2.9.1"
      },
      "engines": {
        "node": ">=16.0.0",
        "npm": ">=7.0.0"
      }
    },
    "node_modules/angle-normals": {
      "version": "1.0.0",
      "resolved": "https://registry.npmjs.org/angle-normals/-/angle-normals-1.0.0.tgz",
      "integrity": "sha512-QF3h4vmrAmlFHF8Lwzgdz6Z/Yb5a2/klWxpqUpRCbFgXKe2d7Ey5PRMi4gS73PP+SYjZa+S46HtjuHlHv4w6BA==",
      "dev": true
    },
    "node_modules/clone": {
      "version": "1.0.4",
      "resolved": "https://registry.npmjs.org/clone/-/clone-1.0.4.tgz",
      "integrity": "sha512-JQHZ2QMW6l3aH/j6xCqQThY/9OH4D/9ls34cgkUBiEeocRTU04tHfKPBsUK1PqZCUQM7GiA0IIXJSuXHI64Kbg==",
      "dev": true,
      "engines": {
        "node": ">=0.8"
      }
    },
    "node_modules/cosine-gradient": {
      "version": "0.3.0",
      "resolved": "https://registry.npmjs.org/cosine-gradient/-/cosine-gradient-0.3.0.tgz",
      "integrity": "sha512-ApHe4p4CSByXPns8Dij7cp0Ds/Tkc7F6dBoPVNhQweOvRIXrhjlKw1bDUVUsXspJbhMGzKDvKdK5QSGnR5NRBw==",
      "dev": true
    },
    "node_modules/es-module-shims": {
      "version": "1.7.0",
      "resolved": "https://registry.npmjs.org/es-module-shims/-/es-module-shims-1.7.0.tgz",
      "integrity": "sha512-0ZOzdZjwYqpzTXX4r6kVG3qM6iIBI41kyVrnnWZiN18k/7VQZOq8HMPdT8rNfz7A29iQNegQh0aqpFGMt4Cjow==",
      "dev": true
    },
    "node_modules/fit-rect": {
      "version": "1.0.3",
      "resolved": "https://registry.npmjs.org/fit-rect/-/fit-rect-1.0.3.tgz",
      "integrity": "sha512-3c8BQd1kG7Y6YOpvzpZgaFi/qOwo+cnUmTm9wsMKeV0YoreKQRFuzJIzPIr+6ThTMPeyiZ4eNx3rD8bmtSu8kw==",
      "dev": true
    },
    "node_modules/geom-builder": {
      "version": "2.1.0",
      "resolved": "https://registry.npmjs.org/geom-builder/-/geom-builder-2.1.0.tgz",
      "integrity": "sha512-AV4hbgA7UJNX65yi9lxGd3jJKM06yqMGAMgSUnCXlFCIOQQuPV68QXe+i8SAYATtCdOTUlqWgggikbpeYasZgA=="
    },
    "node_modules/geom-center-and-normalize": {
      "version": "2.0.0",
      "resolved": "https://registry.npmjs.org/geom-center-and-normalize/-/geom-center-and-normalize-2.0.0.tgz",
      "integrity": "sha512-Ck6+QXiia5VWFWzsNV8h3IDPpgOkNNCXTYekIhBJDIDuyWt5p3yYQ5rFTMo3gpk5mDAtHxA4D0C77Voo+65s1g==",
      "dev": true,
      "dependencies": {
        "pex-geom": "^3.0.0-alpha.3",
        "pex-math": "^4.0.0-alpha.3"
      },
      "engines": {
        "node": ">=18.0.0",
        "npm": ">=8.0.0"
      }
    },
    "node_modules/geom-edges": {
      "version": "1.2.0",
      "resolved": "https://registry.npmjs.org/geom-edges/-/geom-edges-1.2.0.tgz",
      "integrity": "sha512-aBwoYLldrbvXPjlqWUISYy5Ac4NpN5CvprD6M9TIJuJK+HK1Spriu1iInDZY9Cg5L4tEKhug8dQ0fjvy7oF85w==",
      "dev": true,
      "dependencies": {
        "clone": "^1.0.2"
      }
    },
    "node_modules/geom-normals": {
      "version": "2.0.0",
      "resolved": "https://registry.npmjs.org/geom-normals/-/geom-normals-2.0.0.tgz",
      "integrity": "sha512-3T0JWe4lq0lEAEx7RpirdY5ZsBGW5Q3a+I6NDTCO+1vyHB1W1ZKD1cAoMo+jz/3LDYox/ch7tDgBPus4qauslg==",
      "dev": true,
      "dependencies": {
        "pex-math": "^4.0.0-alpha.3",
        "pex-random": "^2.0.0-alpha.1"
      },
      "engines": {
        "node": ">=18.0.0",
        "npm": ">=8.0.0"
      }
    },
    "node_modules/geom-parse-obj": {
      "version": "2.0.0",
      "resolved": "https://registry.npmjs.org/geom-parse-obj/-/geom-parse-obj-2.0.0.tgz",
      "integrity": "sha512-YK2Xfp7vkczz04seLpJEW/XUvCegwYwMK6iBHUjQ4Gzx7hHbD3iwrcaYRsc4KKsinmPyI4LD99mjjyAknezsIA==",
      "dev": true,
      "dependencies": {
        "typed-array-constructor": "^1.0.1"
      },
      "engines": {
        "node": ">=18.0.0",
        "npm": ">=8.0.0"
      }
    },
    "node_modules/grid-cells": {
      "version": "2.0.0",
      "resolved": "https://registry.npmjs.org/grid-cells/-/grid-cells-2.0.0.tgz",
      "integrity": "sha512-6NtuMTSskneTw/u/JNRqS1raBm8S7QHstwDv0Nh2vqr8xZanMlG5A0c+AjcQm+5r2Q1f1I2c61UnrP+rY7cFxQ==",
      "dev": true
    },
    "node_modules/hammersley": {
      "version": "1.0.0",
      "resolved": "https://registry.npmjs.org/hammersley/-/hammersley-1.0.0.tgz",
      "integrity": "sha512-OflFtKMfb1Eb1knQ5ywYilTLw2+7YnYN1IMs/M4GrfDLY6Oz3kwxJXmHvpNGBeL//s2PCoy5QUUVONohEMD4yQ=="
    },
    "node_modules/interpolate-angle": {
      "version": "1.0.2",
      "resolved": "https://registry.npmjs.org/interpolate-angle/-/interpolate-angle-1.0.2.tgz",
      "integrity": "sha512-OUPG46LVGLwKRy4lRIigx3+I4LckaR7f0sRBLkdT7txMz7kI1QMEYm9I+551yf8gpCC90O632hKBrkZu+1hc9Q==",
      "dependencies": {
        "lerp": "^1.0.3"
      }
    },
    "node_modules/ktx-parse": {
      "version": "0.2.2",
      "resolved": "https://registry.npmjs.org/ktx-parse/-/ktx-parse-0.2.2.tgz",
      "integrity": "sha512-cFBc1jnGG2WlUf52NbDUXK2obJ+Mo9WUkBRvr6tP6CKxRMvZwDDFNV3JAS4cewETp5KyexByfWm9sm+O8AffiQ=="
    },
    "node_modules/latlon-to-xyz": {
      "version": "1.0.1",
      "resolved": "https://registry.npmjs.org/latlon-to-xyz/-/latlon-to-xyz-1.0.1.tgz",
      "integrity": "sha512-OF65aE60Y9aMOibxWFC2Vl7EN2BOtMKabm0t97+VaVgR9LoStZHbNNMc8dS/LG6iE1BpEXmnoH85wWr1drp/Tw=="
    },
    "node_modules/lerp": {
      "version": "1.0.3",
      "resolved": "https://registry.npmjs.org/lerp/-/lerp-1.0.3.tgz",
      "integrity": "sha512-70Rh4rCkJDvwWiTsyZ1HmJGvnyfFah4m6iTux29XmasRiZPDBpT9Cfa4ai73+uLZxnlKruUS62jj2lb11wURiA=="
    },
    "node_modules/mouse-event-offset": {
      "version": "3.0.2",
      "resolved": "https://registry.npmjs.org/mouse-event-offset/-/mouse-event-offset-3.0.2.tgz",
      "integrity": "sha512-s9sqOs5B1Ykox3Xo8b3Ss2IQju4UwlW6LSR+Q5FXWpprJ5fzMLefIIItr3PH8RwzfGy6gxs/4GAmiNuZScE25w=="
    },
    "node_modules/parse-hdr": {
      "version": "1.0.0",
      "resolved": "https://registry.npmjs.org/parse-hdr/-/parse-hdr-1.0.0.tgz",
      "integrity": "sha512-3m5sP1y7b9sO+mgxKkKNEIMJ4GgPpCV4zCTt6297P4jIRHmnjcNai5AVtpUN6svxvQ85J8nHU1Es5q3+Q6otrg==",
      "dev": true
    },
    "node_modules/pex-cam": {
      "version": "3.0.0-alpha.1",
      "resolved": "https://registry.npmjs.org/pex-cam/-/pex-cam-3.0.0-alpha.1.tgz",
      "integrity": "sha512-mVDMzz5cyGA2em7k/fq9Yq9inO1hRputz4poeiXKdzydUh+EHXVvx3gzNyeXez2BTfV0TLpuoCgoLYLc5b4Ifw==",
      "dependencies": {
        "interpolate-angle": "^1.0.2",
        "latlon-to-xyz": "^1.0.1",
        "mouse-event-offset": "^3.0.2",
        "pex-geom": "^3.0.0-alpha.0",
        "pex-math": "^4.0.0-alpha.1",
        "xyz-to-latlon": "^1.0.2"
      },
      "engines": {
        "node": ">=16.0.0",
        "npm": ">=7.0.0"
      }
    },
    "node_modules/pex-color": {
      "version": "2.0.0-alpha.2",
      "resolved": "https://registry.npmjs.org/pex-color/-/pex-color-2.0.0-alpha.2.tgz",
      "integrity": "sha512-xG7851UGruaVOyf7yFeJu1BFmIGLUYr4B32XXCVw6mCVTdsrmuihz6L80+ryJiHqc4DGWNRNN9KTa8nU0J3fgw==",
      "dev": true,
      "engines": {
        "node": ">=16.0.0",
        "npm": ">=7.0.0"
      }
    },
    "node_modules/pex-context": {
      "version": "3.0.0-alpha.7",
      "resolved": "https://registry.npmjs.org/pex-context/-/pex-context-3.0.0-alpha.7.tgz",
      "integrity": "sha512-Ld5dBHyL3ditY0pGI+pqyMVpovrMplYoaYgbRXGm6hrD3gzTH9/MN2ImbPL0f6RDXhfAp3mZK7yXJYOMVlPyeQ==",
      "dev": true,
      "dependencies": {
        "pex-gl": "^3.0.0-alpha.0"
      },
      "engines": {
        "node": ">=16.0.0",
        "npm": ">=7.0.0"
      }
    },
    "node_modules/pex-geom": {
      "version": "3.0.0-alpha.3",
      "resolved": "https://registry.npmjs.org/pex-geom/-/pex-geom-3.0.0-alpha.3.tgz",
      "integrity": "sha512-VxwL3JgaH34gWY/ft1//TftiigrER9WWC4p2Q3sfjOJH9FyHRqgYACkT8j/XlR2140PP7sBRUQoZSA4jKSY5bA==",
      "dependencies": {
        "pex-math": "^4.0.0-alpha.2"
      },
      "engines": {
        "node": ">=16.0.0",
        "npm": ">=7.0.0"
      }
    },
    "node_modules/pex-gl": {
      "version": "3.0.0-alpha.0",
      "resolved": "https://registry.npmjs.org/pex-gl/-/pex-gl-3.0.0-alpha.0.tgz",
      "integrity": "sha512-F5xRhI2A3iVhcSmBIIsjEoAeLBa8tqTUzQy2cwZ9X5i1yKRXH8mfQd21JegAuY2aIgzHylquQmWXKzskR8reIA==",
      "dev": true,
      "engines": {
        "node": ">=16.0.0",
        "npm": ">=7.0.0"
      }
    },
    "node_modules/pex-gui": {
      "version": "3.0.0-alpha.3",
      "resolved": "https://registry.npmjs.org/pex-gui/-/pex-gui-3.0.0-alpha.3.tgz",
      "integrity": "sha512-q0U2nDaixxQJC9Xsxiyy4/bbaiMhW19YfDHaRLZLzu+Z82hQ8+hkoNF+pKeq32RJlInNKUNsURDYTlCE7v0K8g==",
      "dev": true,
      "dependencies": {
        "pex-color": "^2.0.0-alpha.2",
        "pex-geom": "^3.0.0-alpha.3",
        "pex-math": "^4.0.0-alpha.3"
      },
      "engines": {
        "node": ">=16.0.0",
        "npm": ">=7.0.0"
      }
    },
    "node_modules/pex-io": {
      "version": "3.0.0-alpha.0",
      "resolved": "https://registry.npmjs.org/pex-io/-/pex-io-3.0.0-alpha.0.tgz",
      "integrity": "sha512-BkMDBdvVR4DRcqzD0woGjL1RBT15OFY9NTwMhBmIC2bsxm/I2KN5OqxGIkwb4YQY8exbeFoF4E339jjmRzXjQg==",
      "engines": {
        "node": ">=16.0.0",
        "npm": ">=7.0.0"
      }
    },
    "node_modules/pex-loaders": {
      "version": "0.0.1",
      "resolved": "https://registry.npmjs.org/pex-loaders/-/pex-loaders-0.0.1.tgz",
      "integrity": "sha512-ltSzedWYi05xZNZlYzLJNU1vTMRjwMQgmvXnUDWWoaJ69b1lPu52Rjudj+AYlOjypgedtsKVHXWu4l8iXSSckA==",
      "dependencies": {
        "ktx-parse": "^0.2.1",
        "pex-io": "^3.0.0-alpha.0",
        "zstddec": "^0.0.2"
      },
      "engines": {
        "node": ">=16.0.0",
        "npm": ">=7.0.0"
      }
    },
    "node_modules/pex-math": {
      "version": "4.0.0-alpha.3",
      "resolved": "https://registry.npmjs.org/pex-math/-/pex-math-4.0.0-alpha.3.tgz",
      "integrity": "sha512-4rHCFNLQnk/NHAQczW/VCBiXOPN2DvAjYhZw5EnEadtMLoI9tGQWd4JxANeV1i3O17PdfIoTi9ECfIRRkz8nwg==",
      "engines": {
        "node": ">=16.0.0",
        "npm": ">=7.0.0"
      }
    },
    "node_modules/pex-random": {
      "version": "2.0.0-alpha.1",
      "resolved": "https://registry.npmjs.org/pex-random/-/pex-random-2.0.0-alpha.1.tgz",
      "integrity": "sha512-GH+7JEvtxe+bz8V21X6ACtxIKfImUFAOraDFVS4N4Kr9EpqlTGClDZwWNew7H4KuiQQe/bmqQHy9toSkKvMMEg==",
      "dependencies": {
        "seedrandom": "^3.0.5",
        "simplex-noise": "4.0.0"
      },
      "engines": {
        "node": ">=16.0.0",
        "npm": ">=7.0.0"
      }
    },
    "node_modules/pex-shaders": {
      "version": "0.1.3",
      "resolved": "https://registry.npmjs.org/pex-shaders/-/pex-shaders-0.1.3.tgz",
      "integrity": "sha512-i25+m/VaHtf74Gn7txEYpqNReV8GmIIAKW4gdUQnMNffpLx4IPxTdmdPwFk+ValwoMBaD8OIlRVb07mFl8OrjQ==",
      "engines": {
        "node": ">=16.0.0",
        "npm": ">=7.0.0"
      }
    },
    "node_modules/primitive-geometry": {
      "version": "2.9.1",
      "resolved": "https://registry.npmjs.org/primitive-geometry/-/primitive-geometry-2.9.1.tgz",
      "integrity": "sha512-qImUPQPio/CwQX6w52q11T31Z3G0TDJUbiOwt/h8JL3OSqhwHCFPurT/fTwLrCjiFMmxnhjxT+EA5NGIUaKJRA==",
      "dev": true,
      "funding": [
        {
          "type": "individual",
          "url": "https://paypal.me/dmnsgn"
        },
        {
          "type": "individual",
          "url": "https://commerce.coinbase.com/checkout/56cbdf28-e323-48d8-9c98-7019e72c97f3"
        }
      ],
      "engines": {
        "node": ">=15.0.0",
        "npm": ">=7.0.0"
      }
    },
    "node_modules/primitive-quad": {
      "version": "2.0.0",
      "resolved": "https://registry.npmjs.org/primitive-quad/-/primitive-quad-2.0.0.tgz",
      "integrity": "sha512-JlPRH5x3QEqoIeHvxHY6ePLhpjSG7FEGxitR8sbfkfCjJK+OEVODTE4j6US12gMqvQqXzRGkkmuYYvJCozifMA=="
    },
    "node_modules/seedrandom": {
      "version": "3.0.5",
      "resolved": "https://registry.npmjs.org/seedrandom/-/seedrandom-3.0.5.tgz",
      "integrity": "sha512-8OwmbklUNzwezjGInmZ+2clQmExQPvomqjL7LFqOYqtmuxRgQYqOD3mHaU+MvZn5FLUeVxVfQjwLZW/n/JFuqg=="
    },
    "node_modules/signals": {
      "version": "1.0.0",
      "resolved": "https://registry.npmjs.org/signals/-/signals-1.0.0.tgz",
      "integrity": "sha512-dE3lBiqgrgIvpGHYBy6/kiYKfh0HXRmbg0ocakBKiOefbal6ZeTtNlQlxsu9ADkNzv5OmRwRKu+IaTPSqJdZDg=="
    },
    "node_modules/simplex-noise": {
      "version": "4.0.0",
      "resolved": "https://registry.npmjs.org/simplex-noise/-/simplex-noise-4.0.0.tgz",
      "integrity": "sha512-ciRAxJnRdQhFhZ7+yZKxk8bQJoIq2J2UPO2pbzy1vcrWFq70P4hNCCmcCTkBKDCIeXZVd/yKjL8Fmh8Aeu5+6g=="
    },
    "node_modules/typed-array-constructor": {
      "version": "1.0.1",
      "resolved": "https://registry.npmjs.org/typed-array-constructor/-/typed-array-constructor-1.0.1.tgz",
      "integrity": "sha512-u0C7NyHOh4nPdFy5BsjEQuDXsuCg8PvinJ7b35IXdQ/dcOrwavzMh3YYo0Gj2Oq+69nNDOlxwKcVAV++x+m/8A==",
      "dev": true,
      "funding": [
        {
          "type": "individual",
          "url": "https://paypal.me/dmnsgn"
        },
        {
          "type": "individual",
          "url": "https://commerce.coinbase.com/checkout/56cbdf28-e323-48d8-9c98-7019e72c97f3"
        }
      ],
      "engines": {
        "node": ">=18.0.0",
        "npm": ">=8.0.0"
      }
    },
    "node_modules/xyz-to-latlon": {
      "version": "1.0.2",
      "resolved": "https://registry.npmjs.org/xyz-to-latlon/-/xyz-to-latlon-1.0.2.tgz",
      "integrity": "sha512-iTQe5HIzAE0r2L2u2abs17s/SekCCUAlIHzYnHHo10aR0B1iKRSGye33z7a52IMJoUUMTpPwNUTNIy+OhZVRIg=="
    },
    "node_modules/zstddec": {
      "version": "0.0.2",
      "resolved": "https://registry.npmjs.org/zstddec/-/zstddec-0.0.2.tgz",
      "integrity": "sha512-DCo0oxvcvOTGP/f5FA6tz2Z6wF+FIcEApSTu0zV5sQgn9hoT5lZ9YRAKUraxt9oP7l4e8TnNdi8IZTCX6WCkwA=="
    }
  }
}
