{
  "name": "pex-renderer",
  "version": "4.0.0-alpha.57",
  "lockfileVersion": 3,
  "requires": true,
  "packages": {
    "": {
      "name": "pex-renderer",
      "version": "4.0.0-alpha.57",
      "license": "MIT",
      "dependencies": {
        "geom-builder": "^3.0.1",
        "hammersley": "^2.0.0",
        "pex-cam": "^3.0.1",
        "pex-geom": "^3.1.0",
        "pex-io": "^3.0.2",
        "pex-loaders": "^1.0.0",
        "pex-math": "^4.1.2",
        "pex-random": "^2.1.2",
        "pex-shaders": "^1.0.0",
        "typed-array-interleave": "^2.0.1"
      },
      "devDependencies": {
        "@hpcc-js/wasm-graphviz": "^1.11.0",
        "@thi.ng/dot": "^2.1.114",
        "angle-normals": "^1.0.0",
        "cosine-gradient": "^0.3.0",
        "es-module-shims": "^2.6.2",
        "fit-rect": "^1.0.3",
        "geom-center-and-normalize": "^2.2.0",
        "geom-parse-obj": "^2.0.0",
        "grid-cells": "^2.0.0",
        "pex-color": "^2.2.0",
        "pex-context": "^3.3.1",
        "pex-gui": "^3.2.0",
        "primitive-geometry": "^2.11.0"
      },
      "engines": {
        "node": ">=22.0.0",
        "npm": ">=10.5.1",
        "snowdev": ">=2.5.x"
      }
    },
    "node_modules/@hpcc-js/wasm-graphviz": {
      "version": "1.11.0",
      "resolved": "https://registry.npmjs.org/@hpcc-js/wasm-graphviz/-/wasm-graphviz-1.11.0.tgz",
      "integrity": "sha512-yTnezIPOY+toInPr8BMB/D7Q9mjOHgUtm6tMcGwPtkbAlHtHopMhD0c7EP2hYNmfSKnE54B9lRQqd5gelJ55Nw==",
      "dev": true,
      "license": "Apache-2.0"
    },
    "node_modules/@thi.ng/api": {
      "version": "8.12.1",
      "resolved": "https://registry.npmjs.org/@thi.ng/api/-/api-8.12.1.tgz",
      "integrity": "sha512-rcWOG67R2kgmm1euT0aVtOllPLFgOsDMNxcfYPSLoSvb669BqUc9lbfBKL7I/w9b0BU1QYGIoCUb8FMcjLTT/A==",
      "dev": true,
      "funding": [
        {
          "type": "github",
          "url": "https://github.com/sponsors/postspectacular"
        },
        {
          "type": "patreon",
          "url": "https://patreon.com/thing_umbrella"
        },
        {
          "type": "liberapay",
          "url": "https://liberapay.com/thi.ng"
        }
      ],
      "license": "Apache-2.0",
      "engines": {
        "node": ">=18"
      }
    },
    "node_modules/@thi.ng/checks": {
      "version": "3.7.17",
      "resolved": "https://registry.npmjs.org/@thi.ng/checks/-/checks-3.7.17.tgz",
      "integrity": "sha512-knEYay4jBV3Me9rA0Py9BCGIb8APEC7trMW7nvJCF2u/rkIceTo0EXU1BaWnf56+1lH09UQhy11IQpZUfPzs0Q==",
      "dev": true,
      "funding": [
        {
          "type": "github",
          "url": "https://github.com/sponsors/postspectacular"
        },
        {
          "type": "patreon",
          "url": "https://patreon.com/thing_umbrella"
        },
        {
          "type": "liberapay",
          "url": "https://liberapay.com/thi.ng"
        }
      ],
      "license": "Apache-2.0",
      "engines": {
        "node": ">=18"
      }
    },
    "node_modules/@thi.ng/dot": {
      "version": "2.1.114",
      "resolved": "https://registry.npmjs.org/@thi.ng/dot/-/dot-2.1.114.tgz",
      "integrity": "sha512-bJEUtVDUEyGPyUZ52g0/VK3Ivs4AlADHAyiYfaxfL5nlJUUc1e4zKZiDFD0VZuCr95f/BieOMlFm97+CWqOGAg==",
      "dev": true,
      "funding": [
        {
          "type": "github",
          "url": "https://github.com/sponsors/postspectacular"
        },
        {
          "type": "patreon",
          "url": "https://patreon.com/thing_umbrella"
        },
        {
          "type": "liberapay",
          "url": "https://liberapay.com/thi.ng"
        }
      ],
      "license": "Apache-2.0",
      "dependencies": {
        "@thi.ng/api": "^8.12.1",
        "@thi.ng/checks": "^3.7.17"
      },
      "engines": {
        "node": ">=18"
      }
    },
    "node_modules/angle-normals": {
      "version": "1.0.0",
      "resolved": "https://registry.npmjs.org/angle-normals/-/angle-normals-1.0.0.tgz",
      "integrity": "sha512-QF3h4vmrAmlFHF8Lwzgdz6Z/Yb5a2/klWxpqUpRCbFgXKe2d7Ey5PRMi4gS73PP+SYjZa+S46HtjuHlHv4w6BA==",
      "dev": true
    },
    "node_modules/cosine-gradient": {
      "version": "0.3.0",
      "resolved": "https://registry.npmjs.org/cosine-gradient/-/cosine-gradient-0.3.0.tgz",
      "integrity": "sha512-ApHe4p4CSByXPns8Dij7cp0Ds/Tkc7F6dBoPVNhQweOvRIXrhjlKw1bDUVUsXspJbhMGzKDvKdK5QSGnR5NRBw==",
      "dev": true
    },
    "node_modules/es-module-shims": {
      "version": "2.6.2",
      "resolved": "https://registry.npmjs.org/es-module-shims/-/es-module-shims-2.6.2.tgz",
      "integrity": "sha512-50HiheXiMg28GQagXXYMqzUuVPKsAhFLuWIxBxDbfnmT+hFTU8AyfAJaWjDaWmQbjNiPwTuuPqq7NAKFRdLaow==",
      "dev": true,
      "license": "MIT"
    },
    "node_modules/fflate": {
      "version": "0.8.2",
      "resolved": "https://registry.npmjs.org/fflate/-/fflate-0.8.2.tgz",
      "integrity": "sha512-cPJU47OaAoCbg0pBvzsgpTPhmhqI5eJjh/JIu8tPj5q+T7iLvW/JAYUqmE7KOB4R1ZyEhzBaIQpQpardBF5z8A==",
      "license": "MIT"
    },
    "node_modules/fit-rect": {
      "version": "1.0.3",
      "resolved": "https://registry.npmjs.org/fit-rect/-/fit-rect-1.0.3.tgz",
      "integrity": "sha512-3c8BQd1kG7Y6YOpvzpZgaFi/qOwo+cnUmTm9wsMKeV0YoreKQRFuzJIzPIr+6ThTMPeyiZ4eNx3rD8bmtSu8kw==",
      "dev": true
    },
    "node_modules/geom-builder": {
      "version": "3.0.1",
      "resolved": "https://registry.npmjs.org/geom-builder/-/geom-builder-3.0.1.tgz",
      "integrity": "sha512-+0OaUhD3BQ30/wWS7ljQzweK84jsD73u1HjZNHJB074JGkxf9ZeQyNnvjNztqnFUpDWDKHYzGMsJMz7ZmIlLOg==",
      "dependencies": {
        "typed-array-constructor": "^1.0.1"
      },
      "engines": {
        "node": ">=20.0.0",
        "npm": ">=9.6.4"
      }
    },
    "node_modules/geom-center-and-normalize": {
      "version": "2.2.0",
      "resolved": "https://registry.npmjs.org/geom-center-and-normalize/-/geom-center-and-normalize-2.2.0.tgz",
      "integrity": "sha512-fvHiQpWt0ZgLji64PsEV+l0Qw2AE5bIZju3Y7K+MT9OAfG8bQisS7Q7PmgPMSHz+ncZqTpfIIHkoijjwEXrt6g==",
      "dev": true,
      "dependencies": {
        "pex-geom": "^3.0.1",
        "pex-math": "^4.1.0"
      },
      "engines": {
        "node": ">=20.0.0",
        "npm": ">=9.6.4"
      }
    },
    "node_modules/geom-parse-obj": {
      "version": "2.0.0",
      "resolved": "https://registry.npmjs.org/geom-parse-obj/-/geom-parse-obj-2.0.0.tgz",
      "integrity": "sha512-YK2Xfp7vkczz04seLpJEW/XUvCegwYwMK6iBHUjQ4Gzx7hHbD3iwrcaYRsc4KKsinmPyI4LD99mjjyAknezsIA==",
      "dev": true,
      "dependencies": {
        "typed-array-constructor": "^1.0.1"
      },
      "engines": {
        "node": ">=18.0.0",
        "npm": ">=8.0.0"
      }
    },
    "node_modules/glsl-tone-map": {
      "version": "2.1.1",
      "resolved": "https://registry.npmjs.org/glsl-tone-map/-/glsl-tone-map-2.1.1.tgz",
      "integrity": "sha512-p+I4CUdRU6E8xqTh1aM5NTqD5z+dnvhU6qtivJA9jG1rtkOvLHhxH2Pe4uKcmQ9u9gDV9ILKZFvVz9Hu5KGrWg==",
      "funding": [
        {
          "type": "individual",
          "url": "https://paypal.me/dmnsgn"
        },
        {
          "type": "individual",
          "url": "https://commerce.coinbase.com/checkout/56cbdf28-e323-48d8-9c98-7019e72c97f3"
        }
      ],
      "license": "MIT",
      "engines": {
        "node": ">=22.0.0",
        "npm": ">=10.5.1",
        "snowdev": "2.0.0-alpha.28"
      }
    },
    "node_modules/grid-cells": {
      "version": "2.0.0",
      "resolved": "https://registry.npmjs.org/grid-cells/-/grid-cells-2.0.0.tgz",
      "integrity": "sha512-6NtuMTSskneTw/u/JNRqS1raBm8S7QHstwDv0Nh2vqr8xZanMlG5A0c+AjcQm+5r2Q1f1I2c61UnrP+rY7cFxQ==",
      "dev": true
    },
    "node_modules/hammersley": {
      "version": "2.0.0",
      "resolved": "https://registry.npmjs.org/hammersley/-/hammersley-2.0.0.tgz",
      "integrity": "sha512-fCqS5VbUiYpboQW75xaFCqFLHkGEX2GyK0h98YpMxYkcVWEY3Jyxsn41Sp1sjo6/O2xkGNaJ7+ley75VmodPZQ==",
      "license": "MIT",
      "engines": {
        "node": ">=22.0.0",
        "npm": ">=10.5.1",
        "snowdev": ">=2.3.x"
      }
    },
    "node_modules/interpolate-angle": {
      "version": "1.0.2",
      "resolved": "https://registry.npmjs.org/interpolate-angle/-/interpolate-angle-1.0.2.tgz",
      "integrity": "sha512-OUPG46LVGLwKRy4lRIigx3+I4LckaR7f0sRBLkdT7txMz7kI1QMEYm9I+551yf8gpCC90O632hKBrkZu+1hc9Q==",
      "dependencies": {
        "lerp": "^1.0.3"
      }
    },
    "node_modules/ktx-parse": {
      "version": "0.7.0",
      "resolved": "https://registry.npmjs.org/ktx-parse/-/ktx-parse-0.7.0.tgz",
      "integrity": "sha512-naezun/2iiWrantwoRI9mw6E4iN41ggYzJSR9XAZzf6+rv+2Tb1yYN8VJhGsA0uptBexE0m4GDh+iiQhYpW+Qw=="
    },
    "node_modules/latlon-to-xyz": {
      "version": "1.0.1",
      "resolved": "https://registry.npmjs.org/latlon-to-xyz/-/latlon-to-xyz-1.0.1.tgz",
      "integrity": "sha512-OF65aE60Y9aMOibxWFC2Vl7EN2BOtMKabm0t97+VaVgR9LoStZHbNNMc8dS/LG6iE1BpEXmnoH85wWr1drp/Tw=="
    },
    "node_modules/lerp": {
      "version": "1.0.3",
      "resolved": "https://registry.npmjs.org/lerp/-/lerp-1.0.3.tgz",
      "integrity": "sha512-70Rh4rCkJDvwWiTsyZ1HmJGvnyfFah4m6iTux29XmasRiZPDBpT9Cfa4ai73+uLZxnlKruUS62jj2lb11wURiA=="
    },
    "node_modules/mouse-event-offset": {
      "version": "3.0.2",
      "resolved": "https://registry.npmjs.org/mouse-event-offset/-/mouse-event-offset-3.0.2.tgz",
      "integrity": "sha512-s9sqOs5B1Ykox3Xo8b3Ss2IQju4UwlW6LSR+Q5FXWpprJ5fzMLefIIItr3PH8RwzfGy6gxs/4GAmiNuZScE25w=="
    },
    "node_modules/parse-exr": {
      "version": "1.0.2",
      "resolved": "https://registry.npmjs.org/parse-exr/-/parse-exr-1.0.2.tgz",
      "integrity": "sha512-dgrTK6JxXJzhJz4cMgdCwAGzgslyHAvr6TzB2Wkgi0rT4cAEW6d0ExUtMdwrIWSRb3y7FKVAjYwo/9m5i0ZTRg==",
      "funding": [
        {
          "type": "individual",
          "url": "https://paypal.me/dmnsgn"
        },
        {
          "type": "individual",
          "url": "https://commerce.coinbase.com/checkout/56cbdf28-e323-48d8-9c98-7019e72c97f3"
        }
      ],
      "license": "MIT",
      "dependencies": {
        "fflate": "^0.8.2"
      },
      "engines": {
        "node": ">=22.0.0",
        "npm": ">=10.5.1",
        "snowdev": ">=2.2.x"
      }
    },
    "node_modules/parse-hdr": {
      "version": "1.0.0",
      "resolved": "https://registry.npmjs.org/parse-hdr/-/parse-hdr-1.0.0.tgz",
      "integrity": "sha512-3m5sP1y7b9sO+mgxKkKNEIMJ4GgPpCV4zCTt6297P4jIRHmnjcNai5AVtpUN6svxvQ85J8nHU1Es5q3+Q6otrg=="
    },
    "node_modules/pex-cam": {
      "version": "3.0.1",
      "resolved": "https://registry.npmjs.org/pex-cam/-/pex-cam-3.0.1.tgz",
      "integrity": "sha512-TU/WtVhU8j0gc2Ip3D73vad+RallX5jVh3DhgTWcFqAU6RLA8pIgI9k64dwQwSzyE25H9dqigi0oBdFyzU74Kw==",
      "license": "MIT",
      "dependencies": {
        "interpolate-angle": "^1.0.2",
        "latlon-to-xyz": "^1.0.1",
        "mouse-event-offset": "^3.0.2",
        "pex-geom": "^3.1.0",
        "pex-math": "^4.1.2",
        "xyz-to-latlon": "^1.0.2"
      },
      "engines": {
        "node": ">=22.0.0",
        "npm": ">=10.5.1",
        "snowdev": ">=2.5.x"
      }
    },
    "node_modules/pex-color": {
      "version": "2.2.0",
      "resolved": "https://registry.npmjs.org/pex-color/-/pex-color-2.2.0.tgz",
      "integrity": "sha512-eZgxo99JIvcTTrmvgXwRJgGNdkDTIgs03m2y1Q/aMA2TVD9fK2tyCetVQmcbAlwt94cmg5go59gzNjjnPF/01A==",
      "dev": true,
      "license": "MIT",
      "engines": {
        "node": ">=22.0.0",
        "npm": ">=10.5.1",
        "snowdev": ">=2.2.x"
      }
    },
    "node_modules/pex-context": {
      "version": "3.3.1",
      "resolved": "https://registry.npmjs.org/pex-context/-/pex-context-3.3.1.tgz",
      "integrity": "sha512-qxASawo83b5v80Bm2L87Aq4Xi54Lj0FPLIRzb0tGEal7PrRRli9p0CVhB1YRBA+X02KTHnsoT0xdxgUVq7/ZXw==",
      "dev": true,
      "license": "MIT",
      "dependencies": {
        "pex-gl": "^3.0.2"
      },
      "engines": {
        "node": ">=22.0.0",
        "npm": ">=10.5.1",
        "snowdev": ">=2.5.x"
      }
    },
    "node_modules/pex-geom": {
      "version": "3.1.0",
      "resolved": "https://registry.npmjs.org/pex-geom/-/pex-geom-3.1.0.tgz",
      "integrity": "sha512-s17p6aLAJymGlt93aOy1tLk2uHLymfYO715EYXqgfJvgyr58aw+QQrzK5bBofz7i5h5jG286aobsKtRyS/0iiQ==",
      "license": "MIT",
      "dependencies": {
        "pex-math": "^4.1.1"
      },
      "engines": {
        "node": ">=22.0.0",
        "npm": ">=10.5.1",
        "snowdev": ">=2.2.x"
      }
    },
    "node_modules/pex-gl": {
      "version": "3.0.2",
      "resolved": "https://registry.npmjs.org/pex-gl/-/pex-gl-3.0.2.tgz",
      "integrity": "sha512-q0MEUXyRlXEa7A/QGQn7GvrkLf+Yc+tRpTRFW0gmbG1RnJpKC0U504WYaB9O47OoMmy9LlKGCaolP2cJJUw5gQ==",
      "dev": true,
      "license": "MIT",
      "engines": {
        "node": ">=22.0.0",
        "npm": ">=10.5.1",
        "snowdev": ">=2.2.x"
      }
    },
    "node_modules/pex-gui": {
      "version": "3.2.0",
      "resolved": "https://registry.npmjs.org/pex-gui/-/pex-gui-3.2.0.tgz",
      "integrity": "sha512-amOsRWYJTFW7do5v/3j3qN03kGlsPpd0QMNiO3kyq8SBo6W6mAkEcjK7E/hxSIR4aDgGa//GqWGDZxC7oeg8mw==",
      "dev": true,
      "license": "MIT",
      "dependencies": {
        "pex-color": "^2.2.0",
        "pex-geom": "^3.1.0",
        "pex-math": "^4.1.2"
      },
      "engines": {
        "node": ">=22.0.0",
        "npm": ">=10.5.1",
        "snowdev": ">=2.5.x"
      }
    },
    "node_modules/pex-io": {
      "version": "3.0.2",
      "resolved": "https://registry.npmjs.org/pex-io/-/pex-io-3.0.2.tgz",
      "integrity": "sha512-9lVsogyCEVqUZ/qQ2Yv1Yr6ATRMpgsuUF4UGsOA6vKVkekOHCFlQ71B6m3zQll5HgZmPUw8QM9yrQkcmjE05EA==",
      "license": "MIT",
      "engines": {
        "node": ">=22.0.0",
        "npm": ">=10.5.1",
        "snowdev": ">=2.2.x"
      }
    },
    "node_modules/pex-loaders": {
      "version": "1.0.0",
      "resolved": "https://registry.npmjs.org/pex-loaders/-/pex-loaders-1.0.0.tgz",
      "integrity": "sha512-/7nI7MC/s6nqFFqAAPfkT9i7Xj11uJjp6OcXRAOCJaIak/Uvjk+SLVcqCYv7cH9R0DarjdUOJCJAbRh3T5wFkA==",
      "license": "MIT",
      "dependencies": {
        "ktx-parse": "^0.7.0",
        "parse-exr": "^1.0.2",
        "parse-hdr": "^1.0.0",
        "pex-io": "^3.0.2",
        "pex-math": "^4.1.2",
        "pex-shaders": "^1.0.0",
        "zstddec": "^0.1.0"
      },
      "engines": {
        "node": ">=22.0.0",
        "npm": ">=10.5.1",
        "snowdev": ">=2.2.x"
      }
    },
    "node_modules/pex-math": {
      "version": "4.1.2",
      "resolved": "https://registry.npmjs.org/pex-math/-/pex-math-4.1.2.tgz",
      "integrity": "sha512-F7tB+weV/rhg2o9B4DCvuUTZHMkicmorusvhmRf1IjveHXFZyYTY/9/S+dpkhnEVeAZ5KNyjCK7bCsKEbYXoXQ==",
      "license": "MIT",
      "engines": {
        "node": ">=22.0.0",
        "npm": ">=10.5.1",
        "snowdev": ">=2.5.x"
      }
    },
    "node_modules/pex-random": {
      "version": "2.1.2",
      "resolved": "https://registry.npmjs.org/pex-random/-/pex-random-2.1.2.tgz",
      "integrity": "sha512-CgtNKg5zWMggm3EB1YkrEof0y42Bo5CTXlTxn9nXKvy10WhfnYo0920YwOkh2psG7qpigwj40q0+EuPdluRAnQ==",
      "license": "MIT",
      "dependencies": {
        "seedrandom": "^3.0.5",
        "simplex-noise": "^4.0.3"
      },
      "engines": {
        "node": ">=22.0.0",
        "npm": ">=10.5.1",
        "snowdev": ">=2.2.x"
      }
    },
    "node_modules/pex-shaders": {
      "version": "1.0.0",
      "resolved": "https://registry.npmjs.org/pex-shaders/-/pex-shaders-1.0.0.tgz",
      "integrity": "sha512-gNfjadgX8ISATBjF1jVq/u69xRf6KpA0PvDYRTCeGTLdwMaFoX9yLsmAUew+3OeQbSouRcnyivLZHxZJdTEu4g==",
      "license": "MIT",
      "dependencies": {
        "glsl-tone-map": "^2.1.1"
      },
      "engines": {
        "node": ">=22.0.0",
        "npm": ">=10.5.1",
        "snowdev": "2.0.0-alpha.28"
      }
    },
    "node_modules/primitive-geometry": {
      "version": "2.11.0",
      "resolved": "https://registry.npmjs.org/primitive-geometry/-/primitive-geometry-2.11.0.tgz",
      "integrity": "sha512-W/Kl9za7sIQWRWvY6Fvr/wnexhP6D3fBcPz4gZsE2aMiUgm0N8ZUCQiwG/h+r+P1qTKi2yEINF3x79WN6gJSXA==",
      "dev": true,
      "funding": [
        {
          "type": "individual",
          "url": "https://paypal.me/dmnsgn"
        },
        {
          "type": "individual",
          "url": "https://commerce.coinbase.com/checkout/56cbdf28-e323-48d8-9c98-7019e72c97f3"
        }
      ],
      "license": "MIT",
      "engines": {
        "node": ">=22.0.0",
        "npm": ">=10.5.1",
        "snowdev": ">=2.3.x"
      }
    },
    "node_modules/seedrandom": {
      "version": "3.0.5",
      "resolved": "https://registry.npmjs.org/seedrandom/-/seedrandom-3.0.5.tgz",
      "integrity": "sha512-8OwmbklUNzwezjGInmZ+2clQmExQPvomqjL7LFqOYqtmuxRgQYqOD3mHaU+MvZn5FLUeVxVfQjwLZW/n/JFuqg=="
    },
    "node_modules/simplex-noise": {
      "version": "4.0.3",
      "resolved": "https://registry.npmjs.org/simplex-noise/-/simplex-noise-4.0.3.tgz",
      "integrity": "sha512-qSE2I4AngLQG7BXqoZj51jokT4WUXe8mOBrvfOXpci8+6Yu44+/dD5zqDpOx3Ux792eamTd2lLcI8jqFntk/lg==",
      "license": "MIT"
    },
    "node_modules/typed-array-constructor": {
      "version": "1.0.1",
      "resolved": "https://registry.npmjs.org/typed-array-constructor/-/typed-array-constructor-1.0.1.tgz",
      "integrity": "sha512-u0C7NyHOh4nPdFy5BsjEQuDXsuCg8PvinJ7b35IXdQ/dcOrwavzMh3YYo0Gj2Oq+69nNDOlxwKcVAV++x+m/8A==",
      "funding": [
        {
          "type": "individual",
          "url": "https://paypal.me/dmnsgn"
        },
        {
          "type": "individual",
          "url": "https://commerce.coinbase.com/checkout/56cbdf28-e323-48d8-9c98-7019e72c97f3"
        }
      ],
      "engines": {
        "node": ">=18.0.0",
        "npm": ">=8.0.0"
      }
    },
    "node_modules/typed-array-interleave": {
      "version": "2.0.1",
      "resolved": "https://registry.npmjs.org/typed-array-interleave/-/typed-array-interleave-2.0.1.tgz",
      "integrity": "sha512-RTidx5Oq8GSiRPhNs57IU6fhlD9XU6uQGqPLSZCS5tHnAuIBxYsQI/NjKe2D07n0QIq6A+hURNgOVG4ECSFokQ==",
      "funding": [
        {
          "type": "individual",
          "url": "https://paypal.me/dmnsgn"
        },
        {
          "type": "individual",
          "url": "https://commerce.coinbase.com/checkout/56cbdf28-e323-48d8-9c98-7019e72c97f3"
        }
      ],
      "license": "MIT",
      "engines": {
        "node": ">=22.0.0",
        "npm": ">=10.5.1",
        "snowdev": ">=2.2.x"
      }
    },
    "node_modules/xyz-to-latlon": {
      "version": "1.0.2",
      "resolved": "https://registry.npmjs.org/xyz-to-latlon/-/xyz-to-latlon-1.0.2.tgz",
      "integrity": "sha512-iTQe5HIzAE0r2L2u2abs17s/SekCCUAlIHzYnHHo10aR0B1iKRSGye33z7a52IMJoUUMTpPwNUTNIy+OhZVRIg=="
    },
    "node_modules/zstddec": {
      "version": "0.1.0",
      "resolved": "https://registry.npmjs.org/zstddec/-/zstddec-0.1.0.tgz",
      "integrity": "sha512-w2NTI8+3l3eeltKAdK8QpiLo/flRAr2p8AGeakfMZOXBxOg9HIu4LVDxBi81sYgVhFhdJjv1OrB5ssI8uFPoLg=="
    }
  }
}
