{
  "name": "pex-renderer",
  "version": "5.0.0",
  "lockfileVersion": 3,
  "requires": true,
  "packages": {
    "": {
      "name": "pex-renderer",
      "version": "5.0.0",
      "license": "MIT",
      "dependencies": {
        "geom-builder": "^3.1.0",
        "hammersley": "^2.0.0",
        "pex-cam": "^3.0.1",
        "pex-geom": "^3.1.1",
        "pex-gpu": "^0.0.1",
        "pex-io": "^3.2.0",
        "pex-loaders": "^1.2.1",
        "pex-math": "^4.3.0",
        "pex-random": "^2.1.2",
        "pex-shaders": "file:../pex-shaders",
        "typed-array-interleave": "^2.0.1"
      },
      "devDependencies": {
        "@hpcc-js/wasm-graphviz": "^1.28.0",
        "@thi.ng/dot": "^2.1.141",
        "angle-normals": "^1.0.0",
        "cosine-gradient": "^0.3.0",
        "es-module-shims": "^2.8.4",
        "fit-rect": "^1.0.3",
        "geom-center-and-normalize": "^2.2.1",
        "geom-parse-obj": "^2.0.0",
        "grid-cells": "^2.0.0",
        "pex-color": "^2.3.0",
        "pex-context": "^4.1.0",
        "pex-gui": "^3.3.0",
        "primitive-geometry": "^2.11.0"
      },
      "engines": {
        "node": ">=22.0.0",
        "npm": ">=10.5.1",
        "snowdev": "3.0.0-alpha.0"
      }
    },
    "../pex-shaders": {
      "version": "2.0.0",
      "license": "MIT",
      "dependencies": {
        "glsl-smaa": "^3.0.0",
        "glsl-tone-map": "^2.2.0"
      },
      "devDependencies": {
        "webgpu": "^0.4.0"
      },
      "engines": {
        "node": ">=22.0.0",
        "npm": ">=10.5.1",
        "snowdev": "2.0.0-alpha.28"
      }
    },
    "node_modules/@hpcc-js/wasm-graphviz": {
      "version": "1.28.0",
      "resolved": "https://registry.npmjs.org/@hpcc-js/wasm-graphviz/-/wasm-graphviz-1.28.0.tgz",
      "integrity": "sha512-KqvPy7ckxPc1xv8Kt7H3bo9cj8U4gfOXxQ8grLZvDZxyQQjnXsKxrweJLLJtEoWWtQqAk4biUB0g2qsjkTiMVA==",
      "dev": true,
      "license": "Apache-2.0"
    },
    "node_modules/@thi.ng/api": {
      "version": "8.12.27",
      "resolved": "https://registry.npmjs.org/@thi.ng/api/-/api-8.12.27.tgz",
      "integrity": "sha512-M4KwSDQdIlUvFsudM54wP4WnCMAAebc3DeqafRAJkvHSoKSufpnVnchwAWT9ZGMXvc0BnCgjp4woBiBE6eZunA==",
      "dev": true,
      "funding": [
        {
          "type": "github",
          "url": "https://github.com/sponsors/postspectacular"
        },
        {
          "type": "patreon",
          "url": "https://patreon.com/thing_umbrella"
        },
        {
          "type": "liberapay",
          "url": "https://liberapay.com/thi.ng"
        }
      ],
      "license": "Apache-2.0",
      "engines": {
        "node": ">=18"
      }
    },
    "node_modules/@thi.ng/checks": {
      "version": "3.11.0",
      "resolved": "https://registry.npmjs.org/@thi.ng/checks/-/checks-3.11.0.tgz",
      "integrity": "sha512-EE1vKsB3kqq+cTCLCdGlmeBGx0xp0G0v9385y3CEZgATMfFYyWRxFQdgjYE5UjQlP/YgWjvQqYGhzTpnObp9LA==",
      "dev": true,
      "funding": [
        {
          "type": "github",
          "url": "https://github.com/sponsors/postspectacular"
        },
        {
          "type": "patreon",
          "url": "https://patreon.com/thing_umbrella"
        },
        {
          "type": "liberapay",
          "url": "https://liberapay.com/thi.ng"
        }
      ],
      "license": "Apache-2.0",
      "engines": {
        "node": ">=18"
      }
    },
    "node_modules/@thi.ng/dot": {
      "version": "2.1.141",
      "resolved": "https://registry.npmjs.org/@thi.ng/dot/-/dot-2.1.141.tgz",
      "integrity": "sha512-wSwaGTDH1V9Bh0dIGmGmxUc4pPWYhbzOj6fCjYHjSizDPGZmo6DJb/dV7/WzyRgHaN1BuwCdK69tzBj6ykxJDg==",
      "dev": true,
      "funding": [
        {
          "type": "github",
          "url": "https://github.com/sponsors/postspectacular"
        },
        {
          "type": "patreon",
          "url": "https://patreon.com/thing_umbrella"
        },
        {
          "type": "liberapay",
          "url": "https://liberapay.com/thi.ng"
        }
      ],
      "license": "Apache-2.0",
      "dependencies": {
        "@thi.ng/api": "^8.12.27",
        "@thi.ng/checks": "^3.11.0"
      },
      "engines": {
        "node": ">=18"
      }
    },
    "node_modules/@webgpu/types": {
      "version": "0.1.71",
      "resolved": "https://registry.npmjs.org/@webgpu/types/-/types-0.1.71.tgz",
      "integrity": "sha512-mMy8/ODcKhab808co15eW+yN+HgXoQxRQHTiBV9Mrvl1r0ufnid7YOcI+gi4eUWSWl9ezD6TW2KXccrL8HCh2A==",
      "license": "BSD-3-Clause"
    },
    "node_modules/angle-normals": {
      "version": "1.0.0",
      "resolved": "https://registry.npmjs.org/angle-normals/-/angle-normals-1.0.0.tgz",
      "integrity": "sha512-QF3h4vmrAmlFHF8Lwzgdz6Z/Yb5a2/klWxpqUpRCbFgXKe2d7Ey5PRMi4gS73PP+SYjZa+S46HtjuHlHv4w6BA==",
      "dev": true
    },
    "node_modules/cosine-gradient": {
      "version": "0.3.0",
      "resolved": "https://registry.npmjs.org/cosine-gradient/-/cosine-gradient-0.3.0.tgz",
      "integrity": "sha512-ApHe4p4CSByXPns8Dij7cp0Ds/Tkc7F6dBoPVNhQweOvRIXrhjlKw1bDUVUsXspJbhMGzKDvKdK5QSGnR5NRBw==",
      "dev": true
    },
    "node_modules/es-module-shims": {
      "version": "2.8.4",
      "resolved": "https://registry.npmjs.org/es-module-shims/-/es-module-shims-2.8.4.tgz",
      "integrity": "sha512-ea5srn5L89PWVad6Qle6r2kg+HvvLiL/GHqgNx06eFrkERHkrTFWaqo1w8Sd+XI3Xr0iAG5x3ZQ7mQ/hnQzNpA==",
      "dev": true,
      "license": "MIT"
    },
    "node_modules/fflate": {
      "version": "0.8.2",
      "resolved": "https://registry.npmjs.org/fflate/-/fflate-0.8.2.tgz",
      "integrity": "sha512-cPJU47OaAoCbg0pBvzsgpTPhmhqI5eJjh/JIu8tPj5q+T7iLvW/JAYUqmE7KOB4R1ZyEhzBaIQpQpardBF5z8A==",
      "license": "MIT"
    },
    "node_modules/fit-rect": {
      "version": "1.0.3",
      "resolved": "https://registry.npmjs.org/fit-rect/-/fit-rect-1.0.3.tgz",
      "integrity": "sha512-3c8BQd1kG7Y6YOpvzpZgaFi/qOwo+cnUmTm9wsMKeV0YoreKQRFuzJIzPIr+6ThTMPeyiZ4eNx3rD8bmtSu8kw==",
      "dev": true
    },
    "node_modules/geom-builder": {
      "version": "3.1.0",
      "resolved": "https://registry.npmjs.org/geom-builder/-/geom-builder-3.1.0.tgz",
      "integrity": "sha512-H6Q/tqtm9yRz+kaMRv03qj/PUsqGnUBjO3M5tWNY5oZ5YXapj5FR4dWR5MdcTgSKyYFo1+HAGL/sX3UqTbvHgg==",
      "license": "MIT",
      "dependencies": {
        "typed-array-constructor": "^1.0.2"
      },
      "engines": {
        "node": ">=22.0.0",
        "npm": ">=10.5.1",
        "snowdev": ">=2.5.x"
      }
    },
    "node_modules/geom-center-and-normalize": {
      "version": "2.2.1",
      "resolved": "https://registry.npmjs.org/geom-center-and-normalize/-/geom-center-and-normalize-2.2.1.tgz",
      "integrity": "sha512-S0dcWMVlbQAVlJohQICURvR1e5Du2hx+LIXlW+9JlP6M0TkYlkkL0Efzha79I/GEUb1Jl7b5q/cJhsYF85qOAw==",
      "dev": true,
      "license": "MIT",
      "dependencies": {
        "pex-geom": "^3.0.1",
        "pex-math": "^4.1.0"
      },
      "engines": {
        "node": ">=20.0.0",
        "npm": ">=9.6.4"
      }
    },
    "node_modules/geom-parse-obj": {
      "version": "2.0.0",
      "resolved": "https://registry.npmjs.org/geom-parse-obj/-/geom-parse-obj-2.0.0.tgz",
      "integrity": "sha512-YK2Xfp7vkczz04seLpJEW/XUvCegwYwMK6iBHUjQ4Gzx7hHbD3iwrcaYRsc4KKsinmPyI4LD99mjjyAknezsIA==",
      "dev": true,
      "dependencies": {
        "typed-array-constructor": "^1.0.1"
      },
      "engines": {
        "node": ">=18.0.0",
        "npm": ">=8.0.0"
      }
    },
    "node_modules/glsl-tone-map": {
      "version": "2.2.0",
      "resolved": "https://registry.npmjs.org/glsl-tone-map/-/glsl-tone-map-2.2.0.tgz",
      "integrity": "sha512-5G0ApEWVd7yEuypW9yRv2nyca9toCoOVEEvXea1m8jw6L9dCRiNX8qBmeuZZ+ZkLnM4J8F+KsZFGsF+JIWgUEw==",
      "funding": [
        {
          "type": "individual",
          "url": "https://paypal.me/dmnsgn"
        },
        {
          "type": "individual",
          "url": "https://commerce.coinbase.com/checkout/56cbdf28-e323-48d8-9c98-7019e72c97f3"
        }
      ],
      "license": "MIT",
      "engines": {
        "node": ">=22.0.0",
        "npm": ">=10.5.1",
        "snowdev": "2.0.0-alpha.28"
      }
    },
    "node_modules/grid-cells": {
      "version": "2.0.0",
      "resolved": "https://registry.npmjs.org/grid-cells/-/grid-cells-2.0.0.tgz",
      "integrity": "sha512-6NtuMTSskneTw/u/JNRqS1raBm8S7QHstwDv0Nh2vqr8xZanMlG5A0c+AjcQm+5r2Q1f1I2c61UnrP+rY7cFxQ==",
      "dev": true
    },
    "node_modules/hammersley": {
      "version": "2.0.0",
      "resolved": "https://registry.npmjs.org/hammersley/-/hammersley-2.0.0.tgz",
      "integrity": "sha512-fCqS5VbUiYpboQW75xaFCqFLHkGEX2GyK0h98YpMxYkcVWEY3Jyxsn41Sp1sjo6/O2xkGNaJ7+ley75VmodPZQ==",
      "license": "MIT",
      "engines": {
        "node": ">=22.0.0",
        "npm": ">=10.5.1",
        "snowdev": ">=2.3.x"
      }
    },
    "node_modules/interpolate-angle": {
      "version": "1.0.2",
      "resolved": "https://registry.npmjs.org/interpolate-angle/-/interpolate-angle-1.0.2.tgz",
      "integrity": "sha512-OUPG46LVGLwKRy4lRIigx3+I4LckaR7f0sRBLkdT7txMz7kI1QMEYm9I+551yf8gpCC90O632hKBrkZu+1hc9Q==",
      "dependencies": {
        "lerp": "^1.0.3"
      }
    },
    "node_modules/ktx-parse": {
      "version": "1.1.0",
      "resolved": "https://registry.npmjs.org/ktx-parse/-/ktx-parse-1.1.0.tgz",
      "integrity": "sha512-mKp3y+FaYgR7mXWAbyyzpa/r1zDWeaunH+INJO4fou3hb45XuNSwar+7llrRyvpMWafxSIi99RNFJ05MHedaJQ==",
      "license": "MIT"
    },
    "node_modules/latlon-to-xyz": {
      "version": "1.0.1",
      "resolved": "https://registry.npmjs.org/latlon-to-xyz/-/latlon-to-xyz-1.0.1.tgz",
      "integrity": "sha512-OF65aE60Y9aMOibxWFC2Vl7EN2BOtMKabm0t97+VaVgR9LoStZHbNNMc8dS/LG6iE1BpEXmnoH85wWr1drp/Tw=="
    },
    "node_modules/lerp": {
      "version": "1.0.3",
      "resolved": "https://registry.npmjs.org/lerp/-/lerp-1.0.3.tgz",
      "integrity": "sha512-70Rh4rCkJDvwWiTsyZ1HmJGvnyfFah4m6iTux29XmasRiZPDBpT9Cfa4ai73+uLZxnlKruUS62jj2lb11wURiA=="
    },
    "node_modules/mouse-event-offset": {
      "version": "3.0.2",
      "resolved": "https://registry.npmjs.org/mouse-event-offset/-/mouse-event-offset-3.0.2.tgz",
      "integrity": "sha512-s9sqOs5B1Ykox3Xo8b3Ss2IQju4UwlW6LSR+Q5FXWpprJ5fzMLefIIItr3PH8RwzfGy6gxs/4GAmiNuZScE25w=="
    },
    "node_modules/parse-exr": {
      "version": "1.0.2",
      "resolved": "https://registry.npmjs.org/parse-exr/-/parse-exr-1.0.2.tgz",
      "integrity": "sha512-dgrTK6JxXJzhJz4cMgdCwAGzgslyHAvr6TzB2Wkgi0rT4cAEW6d0ExUtMdwrIWSRb3y7FKVAjYwo/9m5i0ZTRg==",
      "funding": [
        {
          "type": "individual",
          "url": "https://paypal.me/dmnsgn"
        },
        {
          "type": "individual",
          "url": "https://commerce.coinbase.com/checkout/56cbdf28-e323-48d8-9c98-7019e72c97f3"
        }
      ],
      "license": "MIT",
      "dependencies": {
        "fflate": "^0.8.2"
      },
      "engines": {
        "node": ">=22.0.0",
        "npm": ">=10.5.1",
        "snowdev": ">=2.2.x"
      }
    },
    "node_modules/parse-hdr": {
      "version": "1.0.0",
      "resolved": "https://registry.npmjs.org/parse-hdr/-/parse-hdr-1.0.0.tgz",
      "integrity": "sha512-3m5sP1y7b9sO+mgxKkKNEIMJ4GgPpCV4zCTt6297P4jIRHmnjcNai5AVtpUN6svxvQ85J8nHU1Es5q3+Q6otrg=="
    },
    "node_modules/pex-cam": {
      "version": "3.0.1",
      "resolved": "https://registry.npmjs.org/pex-cam/-/pex-cam-3.0.1.tgz",
      "integrity": "sha512-TU/WtVhU8j0gc2Ip3D73vad+RallX5jVh3DhgTWcFqAU6RLA8pIgI9k64dwQwSzyE25H9dqigi0oBdFyzU74Kw==",
      "license": "MIT",
      "dependencies": {
        "interpolate-angle": "^1.0.2",
        "latlon-to-xyz": "^1.0.1",
        "mouse-event-offset": "^3.0.2",
        "pex-geom": "^3.1.0",
        "pex-math": "^4.1.2",
        "xyz-to-latlon": "^1.0.2"
      },
      "engines": {
        "node": ">=22.0.0",
        "npm": ">=10.5.1",
        "snowdev": ">=2.5.x"
      }
    },
    "node_modules/pex-color": {
      "version": "2.3.0",
      "resolved": "https://registry.npmjs.org/pex-color/-/pex-color-2.3.0.tgz",
      "integrity": "sha512-Ud/SRjL+6c5cydWM5Lw7N/VIDPDDTBOLwRjY9Zaj2U82/lHNw4uqRG+MMhOWna0ObrLIBg0Kv37mxolg73LXqg==",
      "dev": true,
      "license": "MIT",
      "engines": {
        "node": ">=22.0.0",
        "npm": ">=10.5.1",
        "snowdev": ">=2.2.x"
      }
    },
    "node_modules/pex-context": {
      "version": "4.1.0",
      "resolved": "https://registry.npmjs.org/pex-context/-/pex-context-4.1.0.tgz",
      "integrity": "sha512-5j/fgX7wFpiKT/gqd246uA7ElOFkiujDTlK2q+uZEGC9OwQfiC67tMcyNqwHCrUUeVSMuE8kLidNxINWVvZ1ow==",
      "dev": true,
      "license": "MIT",
      "dependencies": {
        "pex-gl": "^3.0.2"
      },
      "engines": {
        "node": ">=22.0.0",
        "npm": ">=10.5.1",
        "snowdev": ">=2.5.x"
      }
    },
    "node_modules/pex-geom": {
      "version": "3.1.1",
      "resolved": "https://registry.npmjs.org/pex-geom/-/pex-geom-3.1.1.tgz",
      "integrity": "sha512-ihGJWhKwKVxs7x993yqLQwrXzhdZGRXoKs+yp5bU60bWT0UexAhm3h5AZLWQJytENZgdZbjFWqcs+zUkP9cCOg==",
      "license": "MIT",
      "dependencies": {
        "pex-math": "^4.2.0"
      },
      "engines": {
        "node": ">=22.0.0",
        "npm": ">=10.5.1",
        "snowdev": ">=2.7.x"
      }
    },
    "node_modules/pex-gl": {
      "version": "3.0.2",
      "resolved": "https://registry.npmjs.org/pex-gl/-/pex-gl-3.0.2.tgz",
      "integrity": "sha512-q0MEUXyRlXEa7A/QGQn7GvrkLf+Yc+tRpTRFW0gmbG1RnJpKC0U504WYaB9O47OoMmy9LlKGCaolP2cJJUw5gQ==",
      "dev": true,
      "license": "MIT",
      "engines": {
        "node": ">=22.0.0",
        "npm": ">=10.5.1",
        "snowdev": ">=2.2.x"
      }
    },
    "node_modules/pex-gpu": {
      "version": "0.0.1",
      "resolved": "https://registry.npmjs.org/pex-gpu/-/pex-gpu-0.0.1.tgz",
      "integrity": "sha512-8errEBaAIxofBE9t6Ol9/T9DAKAUHt6+NMt0Xtrr1Q/t/aDeMMiMwVPCh+Jwlj+aQ7ELIZgaVD9EwkdHn3SbTQ==",
      "license": "MIT",
      "dependencies": {
        "@webgpu/types": "^0.1.71"
      },
      "engines": {
        "node": ">=22.0.0",
        "npm": ">=10.5.1",
        "snowdev": "3.0.0-alpha.0"
      }
    },
    "node_modules/pex-gui": {
      "version": "3.3.0",
      "resolved": "https://registry.npmjs.org/pex-gui/-/pex-gui-3.3.0.tgz",
      "integrity": "sha512-/MdSS15NZynmEjwEST8OyOVE9nX97fm1wz/XoC62vcKajh7C6EH9FYsy65vR4zN2cGbtR0tawZzBp+x1Sr2hlw==",
      "dev": true,
      "license": "MIT",
      "dependencies": {
        "pex-color": "^2.3.0",
        "pex-geom": "^3.1.0",
        "pex-math": "^4.1.2"
      },
      "engines": {
        "node": ">=22.0.0",
        "npm": ">=10.5.1",
        "snowdev": ">=2.5.x"
      }
    },
    "node_modules/pex-io": {
      "version": "3.2.0",
      "resolved": "https://registry.npmjs.org/pex-io/-/pex-io-3.2.0.tgz",
      "integrity": "sha512-Hb4+OH9wWD3Ixo3yNTJ0sSEGA0YJLsMYtuNdx9sEYv2Ppf35dQ+0Hns0eEWotJZxFSwZZEvN0Y8X/1VVY/GvfA==",
      "license": "MIT",
      "engines": {
        "node": ">=22.0.0",
        "npm": ">=10.5.1",
        "snowdev": ">=2.7.x"
      }
    },
    "node_modules/pex-loaders": {
      "version": "1.2.1",
      "resolved": "https://registry.npmjs.org/pex-loaders/-/pex-loaders-1.2.1.tgz",
      "integrity": "sha512-petXFvyWTrLQWNBOGadk6NV6HJGmYflKVdOn6sVxCp8M9eiOzY9exURhUDyNvJaA0RkLV4X74L3GsXYFQNgh/Q==",
      "license": "MIT",
      "dependencies": {
        "ktx-parse": "^1.1.0",
        "parse-exr": "^1.0.2",
        "parse-hdr": "^1.0.0",
        "pex-io": "^3.0.2",
        "pex-math": "^4.1.2",
        "pex-shaders": "^1.0.0",
        "zstddec": "^0.1.0"
      },
      "engines": {
        "node": ">=22.0.0",
        "npm": ">=10.5.1",
        "snowdev": ">=2.5.x"
      }
    },
    "node_modules/pex-loaders/node_modules/pex-shaders": {
      "version": "1.0.0",
      "resolved": "https://registry.npmjs.org/pex-shaders/-/pex-shaders-1.0.0.tgz",
      "integrity": "sha512-gNfjadgX8ISATBjF1jVq/u69xRf6KpA0PvDYRTCeGTLdwMaFoX9yLsmAUew+3OeQbSouRcnyivLZHxZJdTEu4g==",
      "license": "MIT",
      "dependencies": {
        "glsl-tone-map": "^2.1.1"
      },
      "engines": {
        "node": ">=22.0.0",
        "npm": ">=10.5.1",
        "snowdev": "2.0.0-alpha.28"
      }
    },
    "node_modules/pex-math": {
      "version": "4.3.0",
      "resolved": "https://registry.npmjs.org/pex-math/-/pex-math-4.3.0.tgz",
      "integrity": "sha512-nl66AuxyO/ZSV6kEgeo04eDFdJhZDVQAV3EHol2gnA3CuK4KTUY2I8hCj7mkE7ypmEAK/Ddp6byqUghpJRR8TQ==",
      "license": "MIT",
      "engines": {
        "node": ">=22.0.0",
        "npm": ">=10.5.1",
        "snowdev": ">=2.7.x"
      }
    },
    "node_modules/pex-random": {
      "version": "2.1.2",
      "resolved": "https://registry.npmjs.org/pex-random/-/pex-random-2.1.2.tgz",
      "integrity": "sha512-CgtNKg5zWMggm3EB1YkrEof0y42Bo5CTXlTxn9nXKvy10WhfnYo0920YwOkh2psG7qpigwj40q0+EuPdluRAnQ==",
      "license": "MIT",
      "dependencies": {
        "seedrandom": "^3.0.5",
        "simplex-noise": "^4.0.3"
      },
      "engines": {
        "node": ">=22.0.0",
        "npm": ">=10.5.1",
        "snowdev": ">=2.2.x"
      }
    },
    "node_modules/pex-shaders": {
      "resolved": "../pex-shaders",
      "link": true
    },
    "node_modules/primitive-geometry": {
      "version": "2.11.0",
      "resolved": "https://registry.npmjs.org/primitive-geometry/-/primitive-geometry-2.11.0.tgz",
      "integrity": "sha512-W/Kl9za7sIQWRWvY6Fvr/wnexhP6D3fBcPz4gZsE2aMiUgm0N8ZUCQiwG/h+r+P1qTKi2yEINF3x79WN6gJSXA==",
      "dev": true,
      "funding": [
        {
          "type": "individual",
          "url": "https://paypal.me/dmnsgn"
        },
        {
          "type": "individual",
          "url": "https://commerce.coinbase.com/checkout/56cbdf28-e323-48d8-9c98-7019e72c97f3"
        }
      ],
      "license": "MIT",
      "engines": {
        "node": ">=22.0.0",
        "npm": ">=10.5.1",
        "snowdev": ">=2.3.x"
      }
    },
    "node_modules/seedrandom": {
      "version": "3.0.5",
      "resolved": "https://registry.npmjs.org/seedrandom/-/seedrandom-3.0.5.tgz",
      "integrity": "sha512-8OwmbklUNzwezjGInmZ+2clQmExQPvomqjL7LFqOYqtmuxRgQYqOD3mHaU+MvZn5FLUeVxVfQjwLZW/n/JFuqg=="
    },
    "node_modules/simplex-noise": {
      "version": "4.0.3",
      "resolved": "https://registry.npmjs.org/simplex-noise/-/simplex-noise-4.0.3.tgz",
      "integrity": "sha512-qSE2I4AngLQG7BXqoZj51jokT4WUXe8mOBrvfOXpci8+6Yu44+/dD5zqDpOx3Ux792eamTd2lLcI8jqFntk/lg==",
      "license": "MIT"
    },
    "node_modules/typed-array-constructor": {
      "version": "1.0.2",
      "resolved": "https://registry.npmjs.org/typed-array-constructor/-/typed-array-constructor-1.0.2.tgz",
      "integrity": "sha512-HeBkIJlZRU3d4DNCZ7QRGAPvTFxSgl8qYfbGvQy9S9/w3yMl74fewmQ9Uz4nQWtxd0TN62QikEm+pNZAU7yOwg==",
      "funding": [
        {
          "type": "individual",
          "url": "https://paypal.me/dmnsgn"
        },
        {
          "type": "individual",
          "url": "https://commerce.coinbase.com/checkout/56cbdf28-e323-48d8-9c98-7019e72c97f3"
        }
      ],
      "license": "MIT",
      "engines": {
        "node": ">=22.0.0",
        "npm": ">=10.5.1",
        "snowdev": ">=2.2.x"
      }
    },
    "node_modules/typed-array-interleave": {
      "version": "2.0.1",
      "resolved": "https://registry.npmjs.org/typed-array-interleave/-/typed-array-interleave-2.0.1.tgz",
      "integrity": "sha512-RTidx5Oq8GSiRPhNs57IU6fhlD9XU6uQGqPLSZCS5tHnAuIBxYsQI/NjKe2D07n0QIq6A+hURNgOVG4ECSFokQ==",
      "funding": [
        {
          "type": "individual",
          "url": "https://paypal.me/dmnsgn"
        },
        {
          "type": "individual",
          "url": "https://commerce.coinbase.com/checkout/56cbdf28-e323-48d8-9c98-7019e72c97f3"
        }
      ],
      "license": "MIT",
      "engines": {
        "node": ">=22.0.0",
        "npm": ">=10.5.1",
        "snowdev": ">=2.2.x"
      }
    },
    "node_modules/xyz-to-latlon": {
      "version": "1.0.2",
      "resolved": "https://registry.npmjs.org/xyz-to-latlon/-/xyz-to-latlon-1.0.2.tgz",
      "integrity": "sha512-iTQe5HIzAE0r2L2u2abs17s/SekCCUAlIHzYnHHo10aR0B1iKRSGye33z7a52IMJoUUMTpPwNUTNIy+OhZVRIg=="
    },
    "node_modules/zstddec": {
      "version": "0.1.0",
      "resolved": "https://registry.npmjs.org/zstddec/-/zstddec-0.1.0.tgz",
      "integrity": "sha512-w2NTI8+3l3eeltKAdK8QpiLo/flRAr2p8AGeakfMZOXBxOg9HIu4LVDxBi81sYgVhFhdJjv1OrB5ssI8uFPoLg=="
    }
  }
}
