{
  "name": "gltf",
  "version": "1.0.0",
  "lockfileVersion": 1,
  "requires": true,
  "dependencies": {
    "async": {
      "version": "2.5.0",
      "resolved": "https://registry.npmjs.org/async/-/async-2.5.0.tgz",
      "integrity": "sha512-e+lJAJeNWuPCNyxZKOBdaJGyLGHugXVQtrAwtuAe2vhxTYxFTKE73p8JuTmdH0qdQZtDvI4dhJwjZc5zsfIsYw==",
      "requires": {
        "lodash": "4.17.4"
      }
    },
    "debug": {
      "version": "2.6.9",
      "resolved": "https://registry.npmjs.org/debug/-/debug-2.6.9.tgz",
      "integrity": "sha512-bC7ElrdJaJnPbAP+1EotYvqZsb3ecl5wi6Bfi6BJTUcNowp6cvspg0jXznRTKDjm/E7AdgFBVeAPVMNcKGsHMA==",
      "requires": {
        "ms": "2.0.0"
      }
    },
    "float-hsl2rgb": {
      "version": "1.0.2",
      "resolved": "https://registry.npmjs.org/float-hsl2rgb/-/float-hsl2rgb-1.0.2.tgz",
      "integrity": "sha1-7PNQnECsZWfJaiBGIrDExL9DyKE="
    },
    "float-rgb2hsl": {
      "version": "1.0.1",
      "resolved": "https://registry.npmjs.org/float-rgb2hsl/-/float-rgb2hsl-1.0.1.tgz",
      "integrity": "sha1-jv6qD8cm5TNjp5vz9jYIIFXBDA4="
    },
    "is-plask": {
      "version": "1.1.1",
      "resolved": "https://registry.npmjs.org/is-plask/-/is-plask-1.1.1.tgz",
      "integrity": "sha1-3mOSZXYfKK939JtBI4tnp/R8sgg=",
      "requires": {
        "plask-wrap": "1.0.1"
      }
    },
    "keyboardevent-key-polyfill": {
      "version": "1.1.0",
      "resolved": "https://registry.npmjs.org/keyboardevent-key-polyfill/-/keyboardevent-key-polyfill-1.1.0.tgz",
      "integrity": "sha1-ijGdjkWhMXL8pWKGNy+QwdTHAUw="
    },
    "lodash": {
      "version": "4.17.4",
      "resolved": "https://registry.npmjs.org/lodash/-/lodash-4.17.4.tgz",
      "integrity": "sha1-eCA6TRwyiuHYbcpkYONptX9AVa4="
    },
    "ms": {
      "version": "2.0.0",
      "resolved": "https://registry.npmjs.org/ms/-/ms-2.0.0.tgz",
      "integrity": "sha1-VgiurfwAvmwpAd9fmGF4jeDVl8g="
    },
    "omgcanvas": {
      "version": "1.0.2",
      "resolved": "https://registry.npmjs.org/omgcanvas/-/omgcanvas-1.0.2.tgz",
      "integrity": "sha1-toULf0TdbaCKbhjj+0ANWl9Q3Kk="
    },
    "performance-now": {
      "version": "2.1.0",
      "resolved": "https://registry.npmjs.org/performance-now/-/performance-now-2.1.0.tgz",
      "integrity": "sha1-Ywn04OX6kT7BxpMHrjZLSzd8nns="
    },
    "pex-cam": {
      "version": "2.3.0",
      "resolved": "https://registry.npmjs.org/pex-cam/-/pex-cam-2.3.0.tgz",
      "integrity": "sha512-Wqj0czGYB3JulcqX77xAZ8Xo7CGGIyk9yO4GyDMAsUIq6+PK+RFN2X4gQrt4FRc6DoqDcKNAJxKdDr6EdxwxYA==",
      "requires": {
        "pex-geom": "1.0.0",
        "pex-math": "1.0.1"
      }
    },
    "pex-context": {
      "version": "2.0.0-31",
      "resolved": "https://registry.npmjs.org/pex-context/-/pex-context-2.0.0-31.tgz",
      "integrity": "sha512-s+N/IdDfK1eiHi9ucgd3WjLDyQ1/dY/YpjQ8XakTTh7jKksQed/G1nfWSiMGpDNZFuj9ygOIoeQm4Ju59//nIA==",
      "requires": {
        "debug": "2.6.9",
        "is-plask": "1.1.1",
        "pex-gl": "2.4.1",
        "plask-wrap": "1.0.1",
        "raf": "3.4.0",
        "ramda": "0.23.0"
      }
    },
    "pex-geom": {
      "version": "1.0.0",
      "resolved": "https://registry.npmjs.org/pex-geom/-/pex-geom-1.0.0.tgz",
      "integrity": "sha1-XxhRYSH5TZXAYryyQEorPb3SMLw="
    },
    "pex-gl": {
      "version": "2.4.1",
      "resolved": "https://registry.npmjs.org/pex-gl/-/pex-gl-2.4.1.tgz",
      "integrity": "sha1-MqZNLqathNo31KvrcfvHq5Wn0W4=",
      "requires": {
        "is-plask": "1.1.1"
      }
    },
    "pex-gui": {
      "version": "2.0.1-2",
      "resolved": "https://registry.npmjs.org/pex-gui/-/pex-gui-2.0.1-2.tgz",
      "integrity": "sha1-XfzXt0qYIsov5w9zsmzXd2MoLfc=",
      "requires": {
        "float-hsl2rgb": "1.0.2",
        "float-rgb2hsl": "1.0.1",
        "is-plask": "1.1.1",
        "keyboardevent-key-polyfill": "1.1.0",
        "pex-geom": "1.0.0",
        "pex-sys": "1.7.0",
        "rgb-hex": "1.0.0"
      }
    },
    "pex-io": {
      "version": "1.5.3",
      "resolved": "https://registry.npmjs.org/pex-io/-/pex-io-1.5.3.tgz",
      "integrity": "sha512-4jEgk7OK1RNuqvMBQvZt5qTAitbGBZAqRFkLm8P/t1SNzPtB88j1wSzDIjO2r9skocUtw37HUgMrUU+kcXXFFg==",
      "requires": {
        "is-plask": "1.1.1",
        "plask-wrap": "1.0.1"
      }
    },
    "pex-math": {
      "version": "1.0.1",
      "resolved": "https://registry.npmjs.org/pex-math/-/pex-math-1.0.1.tgz",
      "integrity": "sha1-NRvf2t+Cqnksfq08XSyGO68zJHg="
    },
    "pex-sys": {
      "version": "1.7.0",
      "resolved": "https://registry.npmjs.org/pex-sys/-/pex-sys-1.7.0.tgz",
      "integrity": "sha1-Rj7vusC6kjvbD+s4vW8ytxV8ezE=",
      "requires": {
        "is-plask": "1.1.1",
        "omgcanvas": "1.0.2",
        "performance-now": "0.2.0",
        "plask-wrap": "1.0.1",
        "raf": "3.4.0",
        "webgl-debug": "1.0.2"
      },
      "dependencies": {
        "performance-now": {
          "version": "0.2.0",
          "resolved": "https://registry.npmjs.org/performance-now/-/performance-now-0.2.0.tgz",
          "integrity": "sha1-M+8wxcd9TqIcWlOGnZG1bY8lVeU="
        }
      }
    },
    "plask-wrap": {
      "version": "1.0.1",
      "resolved": "https://registry.npmjs.org/plask-wrap/-/plask-wrap-1.0.1.tgz",
      "integrity": "sha1-xfXBtdh0wcfZtxf3chJvJauzHd8="
    },
    "raf": {
      "version": "3.4.0",
      "resolved": "https://registry.npmjs.org/raf/-/raf-3.4.0.tgz",
      "integrity": "sha512-pDP/NMRAXoTfrhCfyfSEwJAKLaxBU9eApMeBPB1TkDouZmvPerIClV8lTAd+uF8ZiTaVl69e1FCxQrAd/VTjGw==",
      "requires": {
        "performance-now": "2.1.0"
      }
    },
    "ramda": {
      "version": "0.23.0",
      "resolved": "https://registry.npmjs.org/ramda/-/ramda-0.23.0.tgz",
      "integrity": "sha1-zNE//3NJepOXTj6GMnv9h71ujis="
    },
    "rgb-hex": {
      "version": "1.0.0",
      "resolved": "https://registry.npmjs.org/rgb-hex/-/rgb-hex-1.0.0.tgz",
      "integrity": "sha1-v6+M2c2RZLWibXHrTxWgllMks8E="
    },
    "webgl-debug": {
      "version": "1.0.2",
      "resolved": "https://registry.npmjs.org/webgl-debug/-/webgl-debug-1.0.2.tgz",
      "integrity": "sha1-k7rFrtGBNDoTatNPJJkg07nMxpo="
    }
  }
}
