{
  "name": "gltf",
  "version": "1.0.0",
  "lockfileVersion": 1,
  "requires": true,
  "dependencies": {
    "async": {
      "version": "2.5.0",
      "resolved": "https://registry.npmjs.org/async/-/async-2.5.0.tgz",
      "integrity": "sha512-e+lJAJeNWuPCNyxZKOBdaJGyLGHugXVQtrAwtuAe2vhxTYxFTKE73p8JuTmdH0qdQZtDvI4dhJwjZc5zsfIsYw==",
      "requires": {
        "lodash": "4.17.4"
      }
    },
    "clone": {
      "version": "1.0.2",
      "resolved": "https://registry.npmjs.org/clone/-/clone-1.0.2.tgz",
      "integrity": "sha1-Jgt6meux7f4kdTgXX3gyQ8sZ0Uk="
    },
    "debug": {
      "version": "3.1.0",
      "resolved": "https://registry.npmjs.org/debug/-/debug-3.1.0.tgz",
      "integrity": "sha512-OX8XqP7/1a9cqkxYw2yXss15f26NKWBpDXQd0/uK/KPqdQhxbPa994hnzjcE2VqQpDslf55723cKPUOGSmMY3g==",
      "requires": {
        "ms": "2.0.0"
      }
    },
    "float-hsl2rgb": {
      "version": "1.0.2",
      "resolved": "https://registry.npmjs.org/float-hsl2rgb/-/float-hsl2rgb-1.0.2.tgz",
      "integrity": "sha1-7PNQnECsZWfJaiBGIrDExL9DyKE="
    },
    "float-rgb2hsl": {
      "version": "1.0.1",
      "resolved": "https://registry.npmjs.org/float-rgb2hsl/-/float-rgb2hsl-1.0.1.tgz",
      "integrity": "sha1-jv6qD8cm5TNjp5vz9jYIIFXBDA4="
    },
    "geom-edges": {
      "version": "1.2.0",
      "resolved": "https://registry.npmjs.org/geom-edges/-/geom-edges-1.2.0.tgz",
      "integrity": "sha1-Izw29lTx5EDUJJaSS9SU4u6zt2s=",
      "requires": {
        "clone": "1.0.2"
      }
    },
    "interpolate-angle": {
      "version": "1.0.2",
      "resolved": "https://registry.npmjs.org/interpolate-angle/-/interpolate-angle-1.0.2.tgz",
      "integrity": "sha1-q6mSFyJy4ucJOMlTC0HcNcV+5do=",
      "requires": {
        "lerp": "1.0.3"
      }
    },
    "is-browser": {
      "version": "2.0.1",
      "resolved": "https://registry.npmjs.org/is-browser/-/is-browser-2.0.1.tgz",
      "integrity": "sha1-i/C695mpxi/Z3lvO5M8zl8PnUpo="
    },
    "is-plask": {
      "version": "1.1.1",
      "resolved": "https://registry.npmjs.org/is-plask/-/is-plask-1.1.1.tgz",
      "integrity": "sha1-3mOSZXYfKK939JtBI4tnp/R8sgg=",
      "requires": {
        "plask-wrap": "1.0.1"
      }
    },
    "is-power-of-two": {
      "version": "1.0.0",
      "resolved": "https://registry.npmjs.org/is-power-of-two/-/is-power-of-two-1.0.0.tgz",
      "integrity": "sha1-6WYgEzy6wBoDORJ786hVTLNAsKs="
    },
    "keyboardevent-key-polyfill": {
      "version": "1.1.0",
      "resolved": "https://registry.npmjs.org/keyboardevent-key-polyfill/-/keyboardevent-key-polyfill-1.1.0.tgz",
      "integrity": "sha1-ijGdjkWhMXL8pWKGNy+QwdTHAUw="
    },
    "latlon-to-xyz": {
      "version": "1.0.1",
      "resolved": "https://registry.npmjs.org/latlon-to-xyz/-/latlon-to-xyz-1.0.1.tgz",
      "integrity": "sha512-OF65aE60Y9aMOibxWFC2Vl7EN2BOtMKabm0t97+VaVgR9LoStZHbNNMc8dS/LG6iE1BpEXmnoH85wWr1drp/Tw=="
    },
    "lerp": {
      "version": "1.0.3",
      "resolved": "https://registry.npmjs.org/lerp/-/lerp-1.0.3.tgz",
      "integrity": "sha1-oYyJaPkXiW3hXM/MKNVaa3Med24="
    },
    "lodash": {
      "version": "4.17.4",
      "resolved": "https://registry.npmjs.org/lodash/-/lodash-4.17.4.tgz",
      "integrity": "sha1-eCA6TRwyiuHYbcpkYONptX9AVa4="
    },
    "ms": {
      "version": "2.0.0",
      "resolved": "https://registry.npmjs.org/ms/-/ms-2.0.0.tgz",
      "integrity": "sha1-VgiurfwAvmwpAd9fmGF4jeDVl8g="
    },
    "next-power-of-two": {
      "version": "1.0.0",
      "resolved": "https://registry.npmjs.org/next-power-of-two/-/next-power-of-two-1.0.0.tgz",
      "integrity": "sha1-y8Hy9itYb8UBvTqy+5lirE5Ok1k="
    },
    "omgcanvas": {
      "version": "1.0.2",
      "resolved": "https://registry.npmjs.org/omgcanvas/-/omgcanvas-1.0.2.tgz",
      "integrity": "sha1-toULf0TdbaCKbhjj+0ANWl9Q3Kk="
    },
    "parse-hdr": {
      "version": "1.0.0",
      "resolved": "https://registry.npmjs.org/parse-hdr/-/parse-hdr-1.0.0.tgz",
      "integrity": "sha1-n5C0SC7rWmbzIKUUVvHOrFGhaVM="
    },
    "partition-into": {
      "version": "1.0.0",
      "resolved": "https://registry.npmjs.org/partition-into/-/partition-into-1.0.0.tgz",
      "integrity": "sha1-PjpTNSR0PVykqY7CAtnS0jyNUyc="
    },
    "performance-now": {
      "version": "2.1.0",
      "resolved": "https://registry.npmjs.org/performance-now/-/performance-now-2.1.0.tgz",
      "integrity": "sha1-Ywn04OX6kT7BxpMHrjZLSzd8nns="
    },
    "pex-cam": {
      "version": "2.4.0",
      "resolved": "https://registry.npmjs.org/pex-cam/-/pex-cam-2.4.0.tgz",
      "integrity": "sha512-CaFVgmfMlV5/0CvDAQjwmQOUg/RhABmSow/0yV/SKEFuXyyepaNAnq/4GBnL5KIfupXvI1b11G9c5SiH1Rkmng==",
      "requires": {
        "interpolate-angle": "1.0.2",
        "latlon-to-xyz": "1.0.1",
        "pex-geom": "1.0.0",
        "pex-math": "2.0.0",
        "raf": "3.4.0",
        "xyz-to-latlon": "1.0.2"
      },
      "dependencies": {
        "pex-math": {
          "version": "2.0.0",
          "resolved": "https://registry.npmjs.org/pex-math/-/pex-math-2.0.0.tgz",
          "integrity": "sha512-6Ca4OSIzCg0saX2iV6jAQpZoMrmgjWw+AAOKfjDJ3NDdsK7J7c1x2hpx6vJdGWDaSkeCCzEAX6cxGSoCdnQTPg=="
        }
      }
    },
    "pex-context": {
      "version": "2.0.2",
      "resolved": "https://registry.npmjs.org/pex-context/-/pex-context-2.0.2.tgz",
      "integrity": "sha512-2DCRkXU+c90VvtdCygonwUU06yCPUGSCVZRzclGX2cZxGivWTFqjZziWHiqK9eCJVxkFl9bqe/vEiAwKNc7Uzw==",
      "requires": {
        "debug": "2.6.9",
        "is-browser": "2.0.1",
        "pex-gl": "2.4.1",
        "raf": "3.4.0",
        "ramda": "0.23.0"
      },
      "dependencies": {
        "debug": {
          "version": "2.6.9",
          "resolved": "https://registry.npmjs.org/debug/-/debug-2.6.9.tgz",
          "integrity": "sha512-bC7ElrdJaJnPbAP+1EotYvqZsb3ecl5wi6Bfi6BJTUcNowp6cvspg0jXznRTKDjm/E7AdgFBVeAPVMNcKGsHMA==",
          "requires": {
            "ms": "2.0.0"
          }
        }
      }
    },
    "pex-geom": {
      "version": "1.0.0",
      "resolved": "https://registry.npmjs.org/pex-geom/-/pex-geom-1.0.0.tgz",
      "integrity": "sha1-XxhRYSH5TZXAYryyQEorPb3SMLw="
    },
    "pex-gl": {
      "version": "2.4.1",
      "resolved": "https://registry.npmjs.org/pex-gl/-/pex-gl-2.4.1.tgz",
      "integrity": "sha1-MqZNLqathNo31KvrcfvHq5Wn0W4=",
      "requires": {
        "is-plask": "1.1.1"
      }
    },
    "pex-gui": {
      "version": "2.1.1",
      "resolved": "https://registry.npmjs.org/pex-gui/-/pex-gui-2.1.1.tgz",
      "integrity": "sha512-amHW3XvSGUOv6ZNzQfLxUOyrSFgsSH5sL1lwey26lr/xdboIq5rfRlQ/iPUa87BFMTiwukFnlsf7vvnwW62LrA==",
      "requires": {
        "float-hsl2rgb": "1.0.2",
        "float-rgb2hsl": "1.0.1",
        "is-plask": "1.1.1",
        "keyboardevent-key-polyfill": "1.1.0",
        "pex-geom": "1.0.0",
        "pex-sys": "1.7.0",
        "rgb-hex": "1.0.0"
      }
    },
    "pex-io": {
      "version": "1.5.3",
      "resolved": "https://registry.npmjs.org/pex-io/-/pex-io-1.5.3.tgz",
      "integrity": "sha512-4jEgk7OK1RNuqvMBQvZt5qTAitbGBZAqRFkLm8P/t1SNzPtB88j1wSzDIjO2r9skocUtw37HUgMrUU+kcXXFFg==",
      "requires": {
        "is-plask": "1.1.1",
        "plask-wrap": "1.0.1"
      }
    },
    "pex-math": {
      "version": "1.0.1",
      "resolved": "https://registry.npmjs.org/pex-math/-/pex-math-1.0.1.tgz",
      "integrity": "sha1-NRvf2t+Cqnksfq08XSyGO68zJHg="
    },
    "pex-sys": {
      "version": "1.7.0",
      "resolved": "https://registry.npmjs.org/pex-sys/-/pex-sys-1.7.0.tgz",
      "integrity": "sha1-Rj7vusC6kjvbD+s4vW8ytxV8ezE=",
      "requires": {
        "is-plask": "1.1.1",
        "omgcanvas": "1.0.2",
        "performance-now": "0.2.0",
        "plask-wrap": "1.0.1",
        "raf": "3.4.0",
        "webgl-debug": "1.0.2"
      },
      "dependencies": {
        "performance-now": {
          "version": "0.2.0",
          "resolved": "https://registry.npmjs.org/performance-now/-/performance-now-0.2.0.tgz",
          "integrity": "sha1-M+8wxcd9TqIcWlOGnZG1bY8lVeU="
        }
      }
    },
    "plask-wrap": {
      "version": "1.0.1",
      "resolved": "https://registry.npmjs.org/plask-wrap/-/plask-wrap-1.0.1.tgz",
      "integrity": "sha1-xfXBtdh0wcfZtxf3chJvJauzHd8="
    },
    "primitive-box": {
      "version": "1.0.0",
      "resolved": "https://registry.npmjs.org/primitive-box/-/primitive-box-1.0.0.tgz",
      "integrity": "sha1-rDA/l0RN5AOHffPeYVVgeGWqKHk="
    },
    "raf": {
      "version": "3.4.0",
      "resolved": "https://registry.npmjs.org/raf/-/raf-3.4.0.tgz",
      "integrity": "sha512-pDP/NMRAXoTfrhCfyfSEwJAKLaxBU9eApMeBPB1TkDouZmvPerIClV8lTAd+uF8ZiTaVl69e1FCxQrAd/VTjGw==",
      "requires": {
        "performance-now": "2.1.0"
      }
    },
    "ramda": {
      "version": "0.23.0",
      "resolved": "https://registry.npmjs.org/ramda/-/ramda-0.23.0.tgz",
      "integrity": "sha1-zNE//3NJepOXTj6GMnv9h71ujis="
    },
    "rgb-hex": {
      "version": "1.0.0",
      "resolved": "https://registry.npmjs.org/rgb-hex/-/rgb-hex-1.0.0.tgz",
      "integrity": "sha1-v6+M2c2RZLWibXHrTxWgllMks8E="
    },
    "webgl-debug": {
      "version": "1.0.2",
      "resolved": "https://registry.npmjs.org/webgl-debug/-/webgl-debug-1.0.2.tgz",
      "integrity": "sha1-k7rFrtGBNDoTatNPJJkg07nMxpo="
    },
    "xyz-to-latlon": {
      "version": "1.0.2",
      "resolved": "https://registry.npmjs.org/xyz-to-latlon/-/xyz-to-latlon-1.0.2.tgz",
      "integrity": "sha512-iTQe5HIzAE0r2L2u2abs17s/SekCCUAlIHzYnHHo10aR0B1iKRSGye33z7a52IMJoUUMTpPwNUTNIy+OhZVRIg=="
    }
  }
}
